// !$*UTF8*$!
{
	archiveVersion = 1;
	classes = {
	};
	objectVersion = 46;
	objects = {

/* Begin PBXBuildFile section */
		220FEABA20CA8D0600A63F14 /* MainWindowController.swift in Sources */ = {isa = PBXBuildFile; fileRef = 220FEAB920CA8D0600A63F14 /* MainWindowController.swift */; };
		220FEABC20CA8FAF00A63F14 /* TopSplitViewController.swift in Sources */ = {isa = PBXBuildFile; fileRef = 220FEABB20CA8FAF00A63F14 /* TopSplitViewController.swift */; };
		220FEABE20CA8FD000A63F14 /* ServersViewController.swift in Sources */ = {isa = PBXBuildFile; fileRef = 220FEABD20CA8FD000A63F14 /* ServersViewController.swift */; };
		220FEAC020CA8FDF00A63F14 /* ServerStatusSplitViewController.swift in Sources */ = {isa = PBXBuildFile; fileRef = 220FEABF20CA8FDF00A63F14 /* ServerStatusSplitViewController.swift */; };
		220FEAC220CA8FEC00A63F14 /* ServerRulesViewController.swift in Sources */ = {isa = PBXBuildFile; fileRef = 220FEAC120CA8FEC00A63F14 /* ServerRulesViewController.swift */; };
		220FEAC420CA8FFA00A63F14 /* PlayersViewController.swift in Sources */ = {isa = PBXBuildFile; fileRef = 220FEAC320CA8FFA00A63F14 /* PlayersViewController.swift */; };
		220FEAD720CAB90200A63F14 /* SQLError.swift in Sources */ = {isa = PBXBuildFile; fileRef = 220FEAD620CAB90200A63F14 /* SQLError.swift */; };
		220FEAD920CAB9C300A63F14 /* SupportedGames.swift in Sources */ = {isa = PBXBuildFile; fileRef = 220FEAD820CAB9C300A63F14 /* SupportedGames.swift */; };
		220FEADB20CABA3300A63F14 /* Coordinator.swift in Sources */ = {isa = PBXBuildFile; fileRef = 220FEADA20CABA3300A63F14 /* Coordinator.swift */; };
		222693FC213D8939002F1E13 /* Settings.swift in Sources */ = {isa = PBXBuildFile; fileRef = 222693FB213D8939002F1E13 /* Settings.swift */; };
		2229F6AF20C6C94200E87840 /* Colors.xcassets in Resources */ = {isa = PBXBuildFile; fileRef = 2229F6A720C6C94200E87840 /* Colors.xcassets */; };
		2229F6B020C6C94200E87840 /* Localizable.strings in Resources */ = {isa = PBXBuildFile; fileRef = 2229F6A820C6C94200E87840 /* Localizable.strings */; };
		2229F6B320C6C94200E87840 /* Images.xcassets in Resources */ = {isa = PBXBuildFile; fileRef = 2229F6AE20C6C94200E87840 /* Images.xcassets */; };
		2229F6E420C6D6CA00E87840 /* Main.storyboard in Resources */ = {isa = PBXBuildFile; fileRef = 2229F6E320C6D6CA00E87840 /* Main.storyboard */; };
		2234D38A21C5568600555399 /* MapView.swift in Sources */ = {isa = PBXBuildFile; fileRef = 2234D38921C5568600555399 /* MapView.swift */; };
		224E9CA0219814FA00632F43 /* AppDelegate.swift in Sources */ = {isa = PBXBuildFile; fileRef = 224E9C9F219814FA00632F43 /* AppDelegate.swift */; };
		224E9CA2219814FA00632F43 /* ServersViewController.swift in Sources */ = {isa = PBXBuildFile; fileRef = 224E9CA1219814FA00632F43 /* ServersViewController.swift */; };
		224E9CA5219814FA00632F43 /* Main.storyboard in Resources */ = {isa = PBXBuildFile; fileRef = 224E9CA3219814FA00632F43 /* Main.storyboard */; };
		224E9CA7219814FB00632F43 /* Assets.xcassets in Resources */ = {isa = PBXBuildFile; fileRef = 224E9CA6219814FB00632F43 /* Assets.xcassets */; };
		224E9CAA219814FB00632F43 /* LaunchScreen.storyboard in Resources */ = {isa = PBXBuildFile; fileRef = 224E9CA8219814FB00632F43 /* LaunchScreen.storyboard */; };
		224E9CEA21981AB900632F43 /* CocoaAsyncSocket.framework in Frameworks */ = {isa = PBXBuildFile; fileRef = 224E9CC421981A5200632F43 /* CocoaAsyncSocket.framework */; };
		224E9CEB21981ABF00632F43 /* CocoaAsyncSocket.framework in Frameworks */ = {isa = PBXBuildFile; fileRef = 224E9CC221981A5200632F43 /* CocoaAsyncSocket.framework */; };
		224E9CEC21981BB200632F43 /* Server.swift in Sources */ = {isa = PBXBuildFile; fileRef = 2278E83A20BC2AF7005E72A3 /* Server.swift */; };
		224E9CED21981BB600632F43 /* Player.swift in Sources */ = {isa = PBXBuildFile; fileRef = 2278E83920BC2AF7005E72A3 /* Player.swift */; };
		224E9CEE21981BB900632F43 /* Parsable.swift in Sources */ = {isa = PBXBuildFile; fileRef = 2278E83720BC2A54005E72A3 /* Parsable.swift */; };
		224E9CEF21981BBC00632F43 /* SQLError.swift in Sources */ = {isa = PBXBuildFile; fileRef = 220FEAD620CAB90200A63F14 /* SQLError.swift */; };
		224E9CF021981BBF00632F43 /* SupportedGames.swift in Sources */ = {isa = PBXBuildFile; fileRef = 220FEAD820CAB9C300A63F14 /* SupportedGames.swift */; };
		224E9CF121981BC200632F43 /* Coordinator.swift in Sources */ = {isa = PBXBuildFile; fileRef = 220FEADA20CABA3300A63F14 /* Coordinator.swift */; };
		224E9CF221981BC400632F43 /* QueryOperation.swift in Sources */ = {isa = PBXBuildFile; fileRef = 22C9C11F20ED017900F7CEC1 /* QueryOperation.swift */; };
		224E9CF321981BC700632F43 /* ServerController.swift in Sources */ = {isa = PBXBuildFile; fileRef = 22C9C11D20ED006C00F7CEC1 /* ServerController.swift */; };
		224E9CF421981BCA00632F43 /* MasterServerController.swift in Sources */ = {isa = PBXBuildFile; fileRef = 22C9C11920ECFDC000F7CEC1 /* MasterServerController.swift */; };
		224E9CF521981BCE00632F43 /* String+Q3Name.swift in Sources */ = {isa = PBXBuildFile; fileRef = 22C9C10E20ECFD9200F7CEC1 /* String+Q3Name.swift */; };
		224E9CF621981BD500632F43 /* Q3Coordinator.swift in Sources */ = {isa = PBXBuildFile; fileRef = 22C9C10620ECFD9100F7CEC1 /* Q3Coordinator.swift */; };
		224E9CF721981BD700632F43 /* Q3Server.swift in Sources */ = {isa = PBXBuildFile; fileRef = 22C9C10720ECFD9200F7CEC1 /* Q3Server.swift */; };
		224E9CF821981BDA00632F43 /* Q3ServerController.swift in Sources */ = {isa = PBXBuildFile; fileRef = 22C9C10820ECFD9200F7CEC1 /* Q3ServerController.swift */; };
		224E9CF921981BDD00632F43 /* Q3Player.swift in Sources */ = {isa = PBXBuildFile; fileRef = 22C9C10920ECFD9200F7CEC1 /* Q3Player.swift */; };
		224E9CFA21981BDF00632F43 /* Q3Parser.swift in Sources */ = {isa = PBXBuildFile; fileRef = 22C9C10A20ECFD9200F7CEC1 /* Q3Parser.swift */; };
		224E9CFB21981BE200632F43 /* Q3Operation.swift in Sources */ = {isa = PBXBuildFile; fileRef = 22C9C10B20ECFD9200F7CEC1 /* Q3Operation.swift */; };
		224E9CFC21981BE500632F43 /* Q3MasterServerController.swift in Sources */ = {isa = PBXBuildFile; fileRef = 22C9C10C20ECFD9200F7CEC1 /* Q3MasterServerController.swift */; };
		224E9D2521981DD300632F43 /* Game.swift in Sources */ = {isa = PBXBuildFile; fileRef = A2359F8F1F10427A00498384 /* Game.swift */; };
		224E9D2621981DD300632F43 /* Game.swift in Sources */ = {isa = PBXBuildFile; fileRef = A2359F8F1F10427A00498384 /* Game.swift */; };
		224E9D28219821D000632F43 /* Foundation.framework in Frameworks */ = {isa = PBXBuildFile; fileRef = 224E9D27219821D000632F43 /* Foundation.framework */; };
		224E9D292198229500632F43 /* SQL_Mac.framework in Frameworks */ = {isa = PBXBuildFile; fileRef = 2278E80D20BC28FA005E72A3 /* SQL_Mac.framework */; };
		224E9D2A2198229500632F43 /* SQL_Mac.framework in Embed Frameworks */ = {isa = PBXBuildFile; fileRef = 2278E80D20BC28FA005E72A3 /* SQL_Mac.framework */; settings = {ATTRIBUTES = (CodeSignOnCopy, RemoveHeadersOnCopy, ); }; };
		224E9D2E219822A300632F43 /* SQL_iOS.framework in Frameworks */ = {isa = PBXBuildFile; fileRef = 224E9CCC21981AA900632F43 /* SQL_iOS.framework */; };
		224E9D2F219822A300632F43 /* SQL_iOS.framework in Embed Frameworks */ = {isa = PBXBuildFile; fileRef = 224E9CCC21981AA900632F43 /* SQL_iOS.framework */; settings = {ATTRIBUTES = (CodeSignOnCopy, RemoveHeadersOnCopy, ); }; };
		224E9D332198264200632F43 /* CocoaAsyncSocket.framework in Frameworks */ = {isa = PBXBuildFile; fileRef = 224E9CC421981A5200632F43 /* CocoaAsyncSocket.framework */; };
		224E9D342198264200632F43 /* CocoaAsyncSocket.framework in Embed Frameworks */ = {isa = PBXBuildFile; fileRef = 224E9CC421981A5200632F43 /* CocoaAsyncSocket.framework */; settings = {ATTRIBUTES = (CodeSignOnCopy, RemoveHeadersOnCopy, ); }; };
		224E9D352198264C00632F43 /* CocoaAsyncSocket.framework in Frameworks */ = {isa = PBXBuildFile; fileRef = 224E9CC221981A5200632F43 /* CocoaAsyncSocket.framework */; };
		224E9D362198264C00632F43 /* CocoaAsyncSocket.framework in Embed Frameworks */ = {isa = PBXBuildFile; fileRef = 224E9CC221981A5200632F43 /* CocoaAsyncSocket.framework */; settings = {ATTRIBUTES = (CodeSignOnCopy, RemoveHeadersOnCopy, ); }; };
		226E186920D5158700F8F9CA /* LogsWindowController.swift in Sources */ = {isa = PBXBuildFile; fileRef = 226E186820D5158700F8F9CA /* LogsWindowController.swift */; };
		226E186B20D5214800F8F9CA /* LogsViewController.swift in Sources */ = {isa = PBXBuildFile; fileRef = 226E186A20D5214800F8F9CA /* LogsViewController.swift */; };
		2278E83820BC2A54005E72A3 /* Parsable.swift in Sources */ = {isa = PBXBuildFile; fileRef = 2278E83720BC2A54005E72A3 /* Parsable.swift */; };
		2278E83B20BC2AF8005E72A3 /* Player.swift in Sources */ = {isa = PBXBuildFile; fileRef = 2278E83920BC2AF7005E72A3 /* Player.swift */; };
		2278E83C20BC2AF8005E72A3 /* Server.swift in Sources */ = {isa = PBXBuildFile; fileRef = 2278E83A20BC2AF7005E72A3 /* Server.swift */; };
		22A1AB0721A17F180007538D /* ServerInfoViewController.swift in Sources */ = {isa = PBXBuildFile; fileRef = 22A1AB0621A17F180007538D /* ServerInfoViewController.swift */; };
		22A1AB0B21A1811C0007538D /* ServersTableViewCell.swift in Sources */ = {isa = PBXBuildFile; fileRef = 22A1AB0A21A1811C0007538D /* ServersTableViewCell.swift */; };
		22A1AB0D21A181280007538D /* ServersTableViewCell.xib in Resources */ = {isa = PBXBuildFile; fileRef = 22A1AB0C21A181280007538D /* ServersTableViewCell.xib */; };
		22C9C11120ECFD9200F7CEC1 /* Q3Coordinator.swift in Sources */ = {isa = PBXBuildFile; fileRef = 22C9C10620ECFD9100F7CEC1 /* Q3Coordinator.swift */; };
		22C9C11220ECFD9200F7CEC1 /* Q3Server.swift in Sources */ = {isa = PBXBuildFile; fileRef = 22C9C10720ECFD9200F7CEC1 /* Q3Server.swift */; };
		22C9C11320ECFD9200F7CEC1 /* Q3ServerController.swift in Sources */ = {isa = PBXBuildFile; fileRef = 22C9C10820ECFD9200F7CEC1 /* Q3ServerController.swift */; };
		22C9C11420ECFD9200F7CEC1 /* Q3Player.swift in Sources */ = {isa = PBXBuildFile; fileRef = 22C9C10920ECFD9200F7CEC1 /* Q3Player.swift */; };
		22C9C11520ECFD9200F7CEC1 /* Q3Parser.swift in Sources */ = {isa = PBXBuildFile; fileRef = 22C9C10A20ECFD9200F7CEC1 /* Q3Parser.swift */; };
		22C9C11620ECFD9200F7CEC1 /* Q3Operation.swift in Sources */ = {isa = PBXBuildFile; fileRef = 22C9C10B20ECFD9200F7CEC1 /* Q3Operation.swift */; };
		22C9C11720ECFD9200F7CEC1 /* Q3MasterServerController.swift in Sources */ = {isa = PBXBuildFile; fileRef = 22C9C10C20ECFD9200F7CEC1 /* Q3MasterServerController.swift */; };
		22C9C11820ECFD9200F7CEC1 /* String+Q3Name.swift in Sources */ = {isa = PBXBuildFile; fileRef = 22C9C10E20ECFD9200F7CEC1 /* String+Q3Name.swift */; };
		22C9C11A20ECFDC000F7CEC1 /* MasterServerController.swift in Sources */ = {isa = PBXBuildFile; fileRef = 22C9C11920ECFDC000F7CEC1 /* MasterServerController.swift */; };
		22C9C11E20ED006C00F7CEC1 /* ServerController.swift in Sources */ = {isa = PBXBuildFile; fileRef = 22C9C11D20ED006C00F7CEC1 /* ServerController.swift */; };
		22C9C12020ED017900F7CEC1 /* QueryOperation.swift in Sources */ = {isa = PBXBuildFile; fileRef = 22C9C11F20ED017900F7CEC1 /* QueryOperation.swift */; };
		22CCE7E720DA906B0014902A /* NSWindowController+Alert.swift in Sources */ = {isa = PBXBuildFile; fileRef = 22CCE7E620DA906B0014902A /* NSWindowController+Alert.swift */; };
		8D11072F0486CEB800E47090 /* Cocoa.framework in Frameworks */ = {isa = PBXBuildFile; fileRef = 1058C7A1FEA54F0111CA2CBB /* Cocoa.framework */; };
		A1020A94226433D7007DADA9 /* RTCWCoordinator.swift in Sources */ = {isa = PBXBuildFile; fileRef = A1020A93226433D7007DADA9 /* RTCWCoordinator.swift */; };
		A1020A95226433D7007DADA9 /* RTCWCoordinator.swift in Sources */ = {isa = PBXBuildFile; fileRef = A1020A93226433D7007DADA9 /* RTCWCoordinator.swift */; };
		A1020A97226433E6007DADA9 /* RTCWMasterServerController.swift in Sources */ = {isa = PBXBuildFile; fileRef = A1020A96226433E6007DADA9 /* RTCWMasterServerController.swift */; };
		A1020A98226433E6007DADA9 /* RTCWMasterServerController.swift in Sources */ = {isa = PBXBuildFile; fileRef = A1020A96226433E6007DADA9 /* RTCWMasterServerController.swift */; };
		A2359FA71F10427A00498384 /* AppDelegate.swift in Sources */ = {isa = PBXBuildFile; fileRef = A2359F7D1F10427A00498384 /* AppDelegate.swift */; };
		A24F12D921D6234400FA2A6A /* SQL_Mac.framework in Frameworks */ = {isa = PBXBuildFile; fileRef = 2278E80D20BC28FA005E72A3 /* SQL_Mac.framework */; };
		A24F12E221D6239100FA2A6A /* Q3MasterServerControllerTests.swift in Sources */ = {isa = PBXBuildFile; fileRef = A24F12E121D6239100FA2A6A /* Q3MasterServerControllerTests.swift */; };
		A24F12E621D6285F00FA2A6A /* GCDAsyncUDPSocketWrapper.swift in Sources */ = {isa = PBXBuildFile; fileRef = A24F12E421D627F100FA2A6A /* GCDAsyncUDPSocketWrapper.swift */; };
		A24F12E721D6285F00FA2A6A /* GCDAsyncUDPSocketWrapper.swift in Sources */ = {isa = PBXBuildFile; fileRef = A24F12E421D627F100FA2A6A /* GCDAsyncUDPSocketWrapper.swift */; };
		A24F12EA21D62E2900FA2A6A /* GCDAsyncUDPSocketWrapperMock.swift in Sources */ = {isa = PBXBuildFile; fileRef = A24F12E921D62E2900FA2A6A /* GCDAsyncUDPSocketWrapperMock.swift */; };
		A2DD85191F1B5B7700C1AF9B /* Utilities.swift in Sources */ = {isa = PBXBuildFile; fileRef = A2DD85181F1B5B7700C1AF9B /* Utilities.swift */; };
/* End PBXBuildFile section */

/* Begin PBXContainerItemProxy section */
		224E9D2B2198229500632F43 /* PBXContainerItemProxy */ = {
			isa = PBXContainerItemProxy;
			containerPortal = 29B97313FDCFA39411CA2CEA /* Project object */;
			proxyType = 1;
			remoteGlobalIDString = 2278E80C20BC28FA005E72A3;
			remoteInfo = "SQL-Mac";
		};
		224E9D30219822A300632F43 /* PBXContainerItemProxy */ = {
			isa = PBXContainerItemProxy;
			containerPortal = 29B97313FDCFA39411CA2CEA /* Project object */;
			proxyType = 1;
			remoteGlobalIDString = 224E9CCB21981AA900632F43;
			remoteInfo = "SQL-iOS";
		};
		A24F12DA21D6234400FA2A6A /* PBXContainerItemProxy */ = {
			isa = PBXContainerItemProxy;
			containerPortal = 29B97313FDCFA39411CA2CEA /* Project object */;
			proxyType = 1;
			remoteGlobalIDString = 2278E80C20BC28FA005E72A3;
			remoteInfo = "SQL-Mac";
		};
		A24F12DF21D6234B00FA2A6A /* PBXContainerItemProxy */ = {
			isa = PBXContainerItemProxy;
			containerPortal = 29B97313FDCFA39411CA2CEA /* Project object */;
			proxyType = 1;
			remoteGlobalIDString = 8D1107260486CEB800E47090;
			remoteInfo = Q3ServerBrowser;
		};
/* End PBXContainerItemProxy section */

/* Begin PBXCopyFilesBuildPhase section */
		224E9D2D2198229500632F43 /* Embed Frameworks */ = {
			isa = PBXCopyFilesBuildPhase;
			buildActionMask = 2147483647;
			dstPath = "";
			dstSubfolderSpec = 10;
			files = (
				224E9D342198264200632F43 /* CocoaAsyncSocket.framework in Embed Frameworks */,
				224E9D2A2198229500632F43 /* SQL_Mac.framework in Embed Frameworks */,
			);
			name = "Embed Frameworks";
			runOnlyForDeploymentPostprocessing = 0;
		};
		224E9D32219822A300632F43 /* Embed Frameworks */ = {
			isa = PBXCopyFilesBuildPhase;
			buildActionMask = 2147483647;
			dstPath = "";
			dstSubfolderSpec = 10;
			files = (
				224E9D362198264C00632F43 /* CocoaAsyncSocket.framework in Embed Frameworks */,
				224E9D2F219822A300632F43 /* SQL_iOS.framework in Embed Frameworks */,
			);
			name = "Embed Frameworks";
			runOnlyForDeploymentPostprocessing = 0;
		};
/* End PBXCopyFilesBuildPhase section */

/* Begin PBXFileReference section */
		1058C7A1FEA54F0111CA2CBB /* Cocoa.framework */ = {isa = PBXFileReference; lastKnownFileType = wrapper.framework; name = Cocoa.framework; path = /System/Library/Frameworks/Cocoa.framework; sourceTree = "<absolute>"; };
		220FEAB920CA8D0600A63F14 /* MainWindowController.swift */ = {isa = PBXFileReference; lastKnownFileType = sourcecode.swift; path = MainWindowController.swift; sourceTree = "<group>"; };
		220FEABB20CA8FAF00A63F14 /* TopSplitViewController.swift */ = {isa = PBXFileReference; lastKnownFileType = sourcecode.swift; path = TopSplitViewController.swift; sourceTree = "<group>"; };
		220FEABD20CA8FD000A63F14 /* ServersViewController.swift */ = {isa = PBXFileReference; lastKnownFileType = sourcecode.swift; path = ServersViewController.swift; sourceTree = "<group>"; };
		220FEABF20CA8FDF00A63F14 /* ServerStatusSplitViewController.swift */ = {isa = PBXFileReference; lastKnownFileType = sourcecode.swift; path = ServerStatusSplitViewController.swift; sourceTree = "<group>"; };
		220FEAC120CA8FEC00A63F14 /* ServerRulesViewController.swift */ = {isa = PBXFileReference; lastKnownFileType = sourcecode.swift; path = ServerRulesViewController.swift; sourceTree = "<group>"; };
		220FEAC320CA8FFA00A63F14 /* PlayersViewController.swift */ = {isa = PBXFileReference; lastKnownFileType = sourcecode.swift; path = PlayersViewController.swift; sourceTree = "<group>"; };
		220FEAD620CAB90200A63F14 /* SQLError.swift */ = {isa = PBXFileReference; lastKnownFileType = sourcecode.swift; path = SQLError.swift; sourceTree = "<group>"; };
		220FEAD820CAB9C300A63F14 /* SupportedGames.swift */ = {isa = PBXFileReference; lastKnownFileType = sourcecode.swift; path = SupportedGames.swift; sourceTree = "<group>"; };
		220FEADA20CABA3300A63F14 /* Coordinator.swift */ = {isa = PBXFileReference; lastKnownFileType = sourcecode.swift; path = Coordinator.swift; sourceTree = "<group>"; };
		222693FB213D8939002F1E13 /* Settings.swift */ = {isa = PBXFileReference; lastKnownFileType = sourcecode.swift; path = Settings.swift; sourceTree = "<group>"; };
		2229F6A720C6C94200E87840 /* Colors.xcassets */ = {isa = PBXFileReference; lastKnownFileType = folder.assetcatalog; path = Colors.xcassets; sourceTree = "<group>"; };
		2229F6A920C6C94200E87840 /* en */ = {isa = PBXFileReference; lastKnownFileType = text.plist.strings; name = en; path = en.lproj/Localizable.strings; sourceTree = "<group>"; };
		2229F6AA20C6C94200E87840 /* Base */ = {isa = PBXFileReference; lastKnownFileType = text.plist.strings; name = Base; path = Base.lproj/Localizable.strings; sourceTree = "<group>"; };
		2229F6AD20C6C94200E87840 /* Q3ServerBrowser-Info.plist */ = {isa = PBXFileReference; fileEncoding = 4; lastKnownFileType = text.plist.xml; path = "Q3ServerBrowser-Info.plist"; sourceTree = "<group>"; };
		2229F6AE20C6C94200E87840 /* Images.xcassets */ = {isa = PBXFileReference; lastKnownFileType = folder.assetcatalog; path = Images.xcassets; sourceTree = "<group>"; };
		2229F6E320C6D6CA00E87840 /* Main.storyboard */ = {isa = PBXFileReference; fileEncoding = 4; lastKnownFileType = file.storyboard; path = Main.storyboard; sourceTree = "<group>"; };
		2234D38921C5568600555399 /* MapView.swift */ = {isa = PBXFileReference; lastKnownFileType = sourcecode.swift; path = MapView.swift; sourceTree = "<group>"; };
		224E9C9D219814FA00632F43 /* Q3ServerBrowser-iOS.app */ = {isa = PBXFileReference; explicitFileType = wrapper.application; includeInIndex = 0; path = "Q3ServerBrowser-iOS.app"; sourceTree = BUILT_PRODUCTS_DIR; };
		224E9C9F219814FA00632F43 /* AppDelegate.swift */ = {isa = PBXFileReference; lastKnownFileType = sourcecode.swift; path = AppDelegate.swift; sourceTree = "<group>"; };
		224E9CA1219814FA00632F43 /* ServersViewController.swift */ = {isa = PBXFileReference; lastKnownFileType = sourcecode.swift; path = ServersViewController.swift; sourceTree = "<group>"; };
		224E9CA4219814FA00632F43 /* Base */ = {isa = PBXFileReference; lastKnownFileType = file.storyboard; name = Base; path = Base.lproj/Main.storyboard; sourceTree = "<group>"; };
		224E9CA6219814FB00632F43 /* Assets.xcassets */ = {isa = PBXFileReference; lastKnownFileType = folder.assetcatalog; path = Assets.xcassets; sourceTree = "<group>"; };
		224E9CA9219814FB00632F43 /* Base */ = {isa = PBXFileReference; lastKnownFileType = file.storyboard; name = Base; path = Base.lproj/LaunchScreen.storyboard; sourceTree = "<group>"; };
		224E9CAB219814FB00632F43 /* Info.plist */ = {isa = PBXFileReference; lastKnownFileType = text.plist.xml; path = Info.plist; sourceTree = "<group>"; };
		224E9CC221981A5200632F43 /* CocoaAsyncSocket.framework */ = {isa = PBXFileReference; lastKnownFileType = wrapper.framework; path = CocoaAsyncSocket.framework; sourceTree = "<group>"; };
		224E9CC421981A5200632F43 /* CocoaAsyncSocket.framework */ = {isa = PBXFileReference; lastKnownFileType = wrapper.framework; path = CocoaAsyncSocket.framework; sourceTree = "<group>"; };
		224E9CCC21981AA900632F43 /* SQL_iOS.framework */ = {isa = PBXFileReference; explicitFileType = wrapper.framework; includeInIndex = 0; path = SQL_iOS.framework; sourceTree = BUILT_PRODUCTS_DIR; };
		224E9CFD21981CD700632F43 /* Info-Mac.plist */ = {isa = PBXFileReference; fileEncoding = 4; lastKnownFileType = text.plist.xml; path = "Info-Mac.plist"; sourceTree = "<group>"; };
		224E9D2321981D4900632F43 /* Info-iOS.plist */ = {isa = PBXFileReference; fileEncoding = 4; lastKnownFileType = text.plist.xml; path = "Info-iOS.plist"; sourceTree = "<group>"; };
		224E9D27219821D000632F43 /* Foundation.framework */ = {isa = PBXFileReference; lastKnownFileType = wrapper.framework; name = Foundation.framework; path = Platforms/iPhoneOS.platform/Developer/SDKs/iPhoneOS12.1.sdk/System/Library/Frameworks/Foundation.framework; sourceTree = DEVELOPER_DIR; };
		226E186820D5158700F8F9CA /* LogsWindowController.swift */ = {isa = PBXFileReference; lastKnownFileType = sourcecode.swift; path = LogsWindowController.swift; sourceTree = "<group>"; };
		226E186A20D5214800F8F9CA /* LogsViewController.swift */ = {isa = PBXFileReference; lastKnownFileType = sourcecode.swift; path = LogsViewController.swift; sourceTree = "<group>"; };
		2278E80D20BC28FA005E72A3 /* SQL_Mac.framework */ = {isa = PBXFileReference; explicitFileType = wrapper.framework; includeInIndex = 0; path = SQL_Mac.framework; sourceTree = BUILT_PRODUCTS_DIR; };
		2278E83720BC2A54005E72A3 /* Parsable.swift */ = {isa = PBXFileReference; lastKnownFileType = sourcecode.swift; path = Parsable.swift; sourceTree = "<group>"; };
		2278E83920BC2AF7005E72A3 /* Player.swift */ = {isa = PBXFileReference; fileEncoding = 4; lastKnownFileType = sourcecode.swift; path = Player.swift; sourceTree = "<group>"; };
		2278E83A20BC2AF7005E72A3 /* Server.swift */ = {isa = PBXFileReference; fileEncoding = 4; lastKnownFileType = sourcecode.swift; path = Server.swift; sourceTree = "<group>"; };
		22A1AB0621A17F180007538D /* ServerInfoViewController.swift */ = {isa = PBXFileReference; lastKnownFileType = sourcecode.swift; path = ServerInfoViewController.swift; sourceTree = "<group>"; };
		22A1AB0A21A1811C0007538D /* ServersTableViewCell.swift */ = {isa = PBXFileReference; lastKnownFileType = sourcecode.swift; path = ServersTableViewCell.swift; sourceTree = "<group>"; };
		22A1AB0C21A181280007538D /* ServersTableViewCell.xib */ = {isa = PBXFileReference; lastKnownFileType = file.xib; path = ServersTableViewCell.xib; sourceTree = "<group>"; };
		22C9C10620ECFD9100F7CEC1 /* Q3Coordinator.swift */ = {isa = PBXFileReference; fileEncoding = 4; lastKnownFileType = sourcecode.swift; path = Q3Coordinator.swift; sourceTree = "<group>"; };
		22C9C10720ECFD9200F7CEC1 /* Q3Server.swift */ = {isa = PBXFileReference; fileEncoding = 4; lastKnownFileType = sourcecode.swift; path = Q3Server.swift; sourceTree = "<group>"; };
		22C9C10820ECFD9200F7CEC1 /* Q3ServerController.swift */ = {isa = PBXFileReference; fileEncoding = 4; lastKnownFileType = sourcecode.swift; path = Q3ServerController.swift; sourceTree = "<group>"; };
		22C9C10920ECFD9200F7CEC1 /* Q3Player.swift */ = {isa = PBXFileReference; fileEncoding = 4; lastKnownFileType = sourcecode.swift; path = Q3Player.swift; sourceTree = "<group>"; };
		22C9C10A20ECFD9200F7CEC1 /* Q3Parser.swift */ = {isa = PBXFileReference; fileEncoding = 4; lastKnownFileType = sourcecode.swift; path = Q3Parser.swift; sourceTree = "<group>"; };
		22C9C10B20ECFD9200F7CEC1 /* Q3Operation.swift */ = {isa = PBXFileReference; fileEncoding = 4; lastKnownFileType = sourcecode.swift; path = Q3Operation.swift; sourceTree = "<group>"; };
		22C9C10C20ECFD9200F7CEC1 /* Q3MasterServerController.swift */ = {isa = PBXFileReference; fileEncoding = 4; lastKnownFileType = sourcecode.swift; path = Q3MasterServerController.swift; sourceTree = "<group>"; };
		22C9C10E20ECFD9200F7CEC1 /* String+Q3Name.swift */ = {isa = PBXFileReference; fileEncoding = 4; lastKnownFileType = sourcecode.swift; path = "String+Q3Name.swift"; sourceTree = "<group>"; };
		22C9C11920ECFDC000F7CEC1 /* MasterServerController.swift */ = {isa = PBXFileReference; lastKnownFileType = sourcecode.swift; path = MasterServerController.swift; sourceTree = "<group>"; };
		22C9C11D20ED006C00F7CEC1 /* ServerController.swift */ = {isa = PBXFileReference; lastKnownFileType = sourcecode.swift; path = ServerController.swift; sourceTree = "<group>"; };
		22C9C11F20ED017900F7CEC1 /* QueryOperation.swift */ = {isa = PBXFileReference; lastKnownFileType = sourcecode.swift; path = QueryOperation.swift; sourceTree = "<group>"; };
		22CCE7E620DA906B0014902A /* NSWindowController+Alert.swift */ = {isa = PBXFileReference; lastKnownFileType = sourcecode.swift; path = "NSWindowController+Alert.swift"; sourceTree = "<group>"; };
		29B97324FDCFA39411CA2CEA /* AppKit.framework */ = {isa = PBXFileReference; lastKnownFileType = wrapper.framework; name = AppKit.framework; path = /System/Library/Frameworks/AppKit.framework; sourceTree = "<absolute>"; };
		29B97325FDCFA39411CA2CEA /* Foundation.framework */ = {isa = PBXFileReference; lastKnownFileType = wrapper.framework; name = Foundation.framework; path = /System/Library/Frameworks/Foundation.framework; sourceTree = "<absolute>"; };
		8D1107320486CEB800E47090 /* Q3ServerBrowser.app */ = {isa = PBXFileReference; explicitFileType = wrapper.application; includeInIndex = 0; path = Q3ServerBrowser.app; sourceTree = BUILT_PRODUCTS_DIR; };
		A1020A93226433D7007DADA9 /* RTCWCoordinator.swift */ = {isa = PBXFileReference; fileEncoding = 4; lastKnownFileType = sourcecode.swift; path = RTCWCoordinator.swift; sourceTree = "<group>"; };
		A1020A96226433E6007DADA9 /* RTCWMasterServerController.swift */ = {isa = PBXFileReference; fileEncoding = 4; lastKnownFileType = sourcecode.swift; path = RTCWMasterServerController.swift; sourceTree = "<group>"; };
		A2359F7D1F10427A00498384 /* AppDelegate.swift */ = {isa = PBXFileReference; fileEncoding = 4; lastKnownFileType = sourcecode.swift; path = AppDelegate.swift; sourceTree = "<group>"; };
		A2359F8F1F10427A00498384 /* Game.swift */ = {isa = PBXFileReference; fileEncoding = 4; lastKnownFileType = sourcecode.swift; path = Game.swift; sourceTree = "<group>"; };
		A24F12D421D6234300FA2A6A /* SQL_Mac_Tests.xctest */ = {isa = PBXFileReference; explicitFileType = wrapper.cfbundle; includeInIndex = 0; path = SQL_Mac_Tests.xctest; sourceTree = BUILT_PRODUCTS_DIR; };
		A24F12D821D6234400FA2A6A /* Info-Tests.plist */ = {isa = PBXFileReference; lastKnownFileType = text.plist.xml; path = "Info-Tests.plist"; sourceTree = "<group>"; };
		A24F12E121D6239100FA2A6A /* Q3MasterServerControllerTests.swift */ = {isa = PBXFileReference; lastKnownFileType = sourcecode.swift; path = Q3MasterServerControllerTests.swift; sourceTree = "<group>"; };
		A24F12E421D627F100FA2A6A /* GCDAsyncUDPSocketWrapper.swift */ = {isa = PBXFileReference; lastKnownFileType = sourcecode.swift; path = GCDAsyncUDPSocketWrapper.swift; sourceTree = "<group>"; };
		A24F12E921D62E2900FA2A6A /* GCDAsyncUDPSocketWrapperMock.swift */ = {isa = PBXFileReference; lastKnownFileType = sourcecode.swift; path = GCDAsyncUDPSocketWrapperMock.swift; sourceTree = "<group>"; };
		A2DD85181F1B5B7700C1AF9B /* Utilities.swift */ = {isa = PBXFileReference; fileEncoding = 4; lastKnownFileType = sourcecode.swift; path = Utilities.swift; sourceTree = "<group>"; };
/* End PBXFileReference section */

/* Begin PBXFrameworksBuildPhase section */
		224E9C9A219814FA00632F43 /* Frameworks */ = {
			isa = PBXFrameworksBuildPhase;
			buildActionMask = 2147483647;
			files = (
				224E9D352198264C00632F43 /* CocoaAsyncSocket.framework in Frameworks */,
				224E9D28219821D000632F43 /* Foundation.framework in Frameworks */,
				224E9D2E219822A300632F43 /* SQL_iOS.framework in Frameworks */,
			);
			runOnlyForDeploymentPostprocessing = 0;
		};
		224E9CC921981AA900632F43 /* Frameworks */ = {
			isa = PBXFrameworksBuildPhase;
			buildActionMask = 2147483647;
			files = (
				224E9CEB21981ABF00632F43 /* CocoaAsyncSocket.framework in Frameworks */,
			);
			runOnlyForDeploymentPostprocessing = 0;
		};
		2278E80920BC28FA005E72A3 /* Frameworks */ = {
			isa = PBXFrameworksBuildPhase;
			buildActionMask = 2147483647;
			files = (
				224E9CEA21981AB900632F43 /* CocoaAsyncSocket.framework in Frameworks */,
			);
			runOnlyForDeploymentPostprocessing = 0;
		};
		8D11072E0486CEB800E47090 /* Frameworks */ = {
			isa = PBXFrameworksBuildPhase;
			buildActionMask = 2147483647;
			files = (
				224E9D332198264200632F43 /* CocoaAsyncSocket.framework in Frameworks */,
				8D11072F0486CEB800E47090 /* Cocoa.framework in Frameworks */,
				224E9D292198229500632F43 /* SQL_Mac.framework in Frameworks */,
			);
			runOnlyForDeploymentPostprocessing = 0;
		};
		A24F12D121D6234300FA2A6A /* Frameworks */ = {
			isa = PBXFrameworksBuildPhase;
			buildActionMask = 2147483647;
			files = (
				A24F12D921D6234400FA2A6A /* SQL_Mac.framework in Frameworks */,
			);
			runOnlyForDeploymentPostprocessing = 0;
		};
/* End PBXFrameworksBuildPhase section */

/* Begin PBXGroup section */
		19C28FACFE9D520D11CA2CBB /* Products */ = {
			isa = PBXGroup;
			children = (
				8D1107320486CEB800E47090 /* Q3ServerBrowser.app */,
				2278E80D20BC28FA005E72A3 /* SQL_Mac.framework */,
				224E9C9D219814FA00632F43 /* Q3ServerBrowser-iOS.app */,
				224E9CCC21981AA900632F43 /* SQL_iOS.framework */,
				A24F12D421D6234300FA2A6A /* SQL_Mac_Tests.xctest */,
			);
			name = Products;
			sourceTree = "<group>";
		};
		222693FA213D892C002F1E13 /* Store */ = {
			isa = PBXGroup;
			children = (
				222693FB213D8939002F1E13 /* Settings.swift */,
			);
			path = Store;
			sourceTree = "<group>";
		};
		2229F6A620C6C94200E87840 /* Resources */ = {
			isa = PBXGroup;
			children = (
				2229F6A720C6C94200E87840 /* Colors.xcassets */,
				2229F6A820C6C94200E87840 /* Localizable.strings */,
				2229F6AD20C6C94200E87840 /* Q3ServerBrowser-Info.plist */,
				2229F6AE20C6C94200E87840 /* Images.xcassets */,
				2229F6E320C6D6CA00E87840 /* Main.storyboard */,
			);
			path = Resources;
			sourceTree = "<group>";
		};
		2234D38821C5566D00555399 /* View */ = {
			isa = PBXGroup;
			children = (
				2234D38921C5568600555399 /* MapView.swift */,
			);
			path = View;
			sourceTree = "<group>";
		};
		224E9C9E219814FA00632F43 /* Q3ServerBrowser-iOS */ = {
			isa = PBXGroup;
			children = (
				224E9C9F219814FA00632F43 /* AppDelegate.swift */,
				22A1AB0821A180E60007538D /* ViewController */,
				22A1AB0E21A187A20007538D /* Resources */,
				224E9CAB219814FB00632F43 /* Info.plist */,
			);
			path = "Q3ServerBrowser-iOS";
			sourceTree = "<group>";
		};
		224E9CC021981A5200632F43 /* ThirdParty */ = {
			isa = PBXGroup;
			children = (
				224E9CC121981A5200632F43 /* iOS */,
				224E9CC321981A5200632F43 /* Mac */,
			);
			path = ThirdParty;
			sourceTree = "<group>";
		};
		224E9CC121981A5200632F43 /* iOS */ = {
			isa = PBXGroup;
			children = (
				224E9CC221981A5200632F43 /* CocoaAsyncSocket.framework */,
			);
			path = iOS;
			sourceTree = "<group>";
		};
		224E9CC321981A5200632F43 /* Mac */ = {
			isa = PBXGroup;
			children = (
				224E9CC421981A5200632F43 /* CocoaAsyncSocket.framework */,
			);
			path = Mac;
			sourceTree = "<group>";
		};
		2278E80E20BC28FA005E72A3 /* SQL */ = {
			isa = PBXGroup;
			children = (
				224E9CFD21981CD700632F43 /* Info-Mac.plist */,
				224E9D2321981D4900632F43 /* Info-iOS.plist */,
				22C9C0FE20ECFD9100F7CEC1 /* Internals */,
				2278E83A20BC2AF7005E72A3 /* Server.swift */,
				2278E83920BC2AF7005E72A3 /* Player.swift */,
				2278E83720BC2A54005E72A3 /* Parsable.swift */,
				220FEAD620CAB90200A63F14 /* SQLError.swift */,
				220FEAD820CAB9C300A63F14 /* SupportedGames.swift */,
				220FEADA20CABA3300A63F14 /* Coordinator.swift */,
				A2359F8F1F10427A00498384 /* Game.swift */,
				A24F12D521D6234300FA2A6A /* SQL_Mac_Tests */,
			);
			path = SQL;
			sourceTree = "<group>";
		};
		22A1AB0821A180E60007538D /* ViewController */ = {
			isa = PBXGroup;
			children = (
				2234D38821C5566D00555399 /* View */,
				22A1AB0921A181050007538D /* Cells */,
				224E9CA1219814FA00632F43 /* ServersViewController.swift */,
				22A1AB0621A17F180007538D /* ServerInfoViewController.swift */,
			);
			path = ViewController;
			sourceTree = "<group>";
		};
		22A1AB0921A181050007538D /* Cells */ = {
			isa = PBXGroup;
			children = (
				22A1AB0A21A1811C0007538D /* ServersTableViewCell.swift */,
				22A1AB0C21A181280007538D /* ServersTableViewCell.xib */,
			);
			path = Cells;
			sourceTree = "<group>";
		};
		22A1AB0E21A187A20007538D /* Resources */ = {
			isa = PBXGroup;
			children = (
				224E9CA3219814FA00632F43 /* Main.storyboard */,
				224E9CA6219814FB00632F43 /* Assets.xcassets */,
				224E9CA8219814FB00632F43 /* LaunchScreen.storyboard */,
			);
			path = Resources;
			sourceTree = "<group>";
		};
		22C9C0FE20ECFD9100F7CEC1 /* Internals */ = {
			isa = PBXGroup;
			children = (
				A24F12E421D627F100FA2A6A /* GCDAsyncUDPSocketWrapper.swift */,
				22C9C0FF20ECFD9100F7CEC1 /* GameProtocols */,
				22C9C10D20ECFD9200F7CEC1 /* Utilities */,
				22C9C11920ECFDC000F7CEC1 /* MasterServerController.swift */,
				22C9C11D20ED006C00F7CEC1 /* ServerController.swift */,
				22C9C11F20ED017900F7CEC1 /* QueryOperation.swift */,
			);
			path = Internals;
			sourceTree = "<group>";
		};
		22C9C0FF20ECFD9100F7CEC1 /* GameProtocols */ = {
			isa = PBXGroup;
			children = (
				22C9C10420ECFD9100F7CEC1 /* Quake3 */,
				A1020A912264337A007DADA9 /* RTCW */,
			);
			path = GameProtocols;
			sourceTree = "<group>";
		};
		22C9C10420ECFD9100F7CEC1 /* Quake3 */ = {
			isa = PBXGroup;
			children = (
				22C9C10520ECFD9100F7CEC1 /* Coordinator */,
				22C9C10720ECFD9200F7CEC1 /* Q3Server.swift */,
				22C9C10820ECFD9200F7CEC1 /* Q3ServerController.swift */,
				22C9C10920ECFD9200F7CEC1 /* Q3Player.swift */,
				22C9C10A20ECFD9200F7CEC1 /* Q3Parser.swift */,
				22C9C10B20ECFD9200F7CEC1 /* Q3Operation.swift */,
				22C9C10C20ECFD9200F7CEC1 /* Q3MasterServerController.swift */,
			);
			path = Quake3;
			sourceTree = "<group>";
		};
		22C9C10520ECFD9100F7CEC1 /* Coordinator */ = {
			isa = PBXGroup;
			children = (
				22C9C10620ECFD9100F7CEC1 /* Q3Coordinator.swift */,
			);
			path = Coordinator;
			sourceTree = "<group>";
		};
		22C9C10D20ECFD9200F7CEC1 /* Utilities */ = {
			isa = PBXGroup;
			children = (
				22C9C10E20ECFD9200F7CEC1 /* String+Q3Name.swift */,
			);
			path = Utilities;
			sourceTree = "<group>";
		};
		29B97314FDCFA39411CA2CEA /* GameServerBrowser */ = {
			isa = PBXGroup;
			children = (
				A2359F7C1F10427A00498384 /* Q3ServerBrowser-Mac */,
				224E9C9E219814FA00632F43 /* Q3ServerBrowser-iOS */,
				2278E80E20BC28FA005E72A3 /* SQL */,
				29B97323FDCFA39411CA2CEA /* Frameworks */,
				19C28FACFE9D520D11CA2CBB /* Products */,
			);
			indentWidth = 4;
			name = GameServerBrowser;
			sourceTree = "<group>";
			tabWidth = 4;
		};
		29B97323FDCFA39411CA2CEA /* Frameworks */ = {
			isa = PBXGroup;
			children = (
				224E9D27219821D000632F43 /* Foundation.framework */,
				224E9CC021981A5200632F43 /* ThirdParty */,
				29B97324FDCFA39411CA2CEA /* AppKit.framework */,
				1058C7A1FEA54F0111CA2CBB /* Cocoa.framework */,
				29B97325FDCFA39411CA2CEA /* Foundation.framework */,
			);
			name = Frameworks;
			sourceTree = "<group>";
		};
		A1020A912264337A007DADA9 /* RTCW */ = {
			isa = PBXGroup;
			children = (
				A1020A922264338D007DADA9 /* Coordinator */,
				A1020A96226433E6007DADA9 /* RTCWMasterServerController.swift */,
			);
			path = RTCW;
			sourceTree = "<group>";
		};
		A1020A922264338D007DADA9 /* Coordinator */ = {
			isa = PBXGroup;
			children = (
				A1020A93226433D7007DADA9 /* RTCWCoordinator.swift */,
			);
			path = Coordinator;
			sourceTree = "<group>";
		};
		A2359F7C1F10427A00498384 /* Q3ServerBrowser-Mac */ = {
			isa = PBXGroup;
			children = (
				A2359F7D1F10427A00498384 /* AppDelegate.swift */,
				A2359F7E1F10427A00498384 /* Classes */,
				2229F6A620C6C94200E87840 /* Resources */,
			);
			path = "Q3ServerBrowser-Mac";
			sourceTree = "<group>";
		};
		A2359F7E1F10427A00498384 /* Classes */ = {
			isa = PBXGroup;
			children = (
				222693FA213D892C002F1E13 /* Store */,
				A2359F9F1F10427A00498384 /* ViewController */,
				A2DD85181F1B5B7700C1AF9B /* Utilities.swift */,
				220FEAB920CA8D0600A63F14 /* MainWindowController.swift */,
				226E186820D5158700F8F9CA /* LogsWindowController.swift */,
				22CCE7E620DA906B0014902A /* NSWindowController+Alert.swift */,
			);
			path = Classes;
			sourceTree = "<group>";
		};
		A2359F9F1F10427A00498384 /* ViewController */ = {
			isa = PBXGroup;
			children = (
				220FEABB20CA8FAF00A63F14 /* TopSplitViewController.swift */,
				220FEABD20CA8FD000A63F14 /* ServersViewController.swift */,
				220FEABF20CA8FDF00A63F14 /* ServerStatusSplitViewController.swift */,
				220FEAC120CA8FEC00A63F14 /* ServerRulesViewController.swift */,
				220FEAC320CA8FFA00A63F14 /* PlayersViewController.swift */,
				226E186A20D5214800F8F9CA /* LogsViewController.swift */,
			);
			path = ViewController;
			sourceTree = "<group>";
		};
		A24F12D521D6234300FA2A6A /* SQL_Mac_Tests */ = {
			isa = PBXGroup;
			children = (
				A24F12D821D6234400FA2A6A /* Info-Tests.plist */,
				A24F12E821D62E0D00FA2A6A /* Mocks */,
				A24F12E321D623C400FA2A6A /* Q3 */,
			);
			path = SQL_Mac_Tests;
			sourceTree = "<group>";
		};
		A24F12E321D623C400FA2A6A /* Q3 */ = {
			isa = PBXGroup;
			children = (
				A24F12E121D6239100FA2A6A /* Q3MasterServerControllerTests.swift */,
			);
			path = Q3;
			sourceTree = "<group>";
		};
		A24F12E821D62E0D00FA2A6A /* Mocks */ = {
			isa = PBXGroup;
			children = (
				A24F12E921D62E2900FA2A6A /* GCDAsyncUDPSocketWrapperMock.swift */,
			);
			path = Mocks;
			sourceTree = "<group>";
		};
/* End PBXGroup section */

/* Begin PBXHeadersBuildPhase section */
		224E9CC721981AA900632F43 /* Headers */ = {
			isa = PBXHeadersBuildPhase;
			buildActionMask = 2147483647;
			files = (
			);
			runOnlyForDeploymentPostprocessing = 0;
		};
		2278E80A20BC28FA005E72A3 /* Headers */ = {
			isa = PBXHeadersBuildPhase;
			buildActionMask = 2147483647;
			files = (
			);
			runOnlyForDeploymentPostprocessing = 0;
		};
/* End PBXHeadersBuildPhase section */

/* Begin PBXNativeTarget section */
		224E9C9C219814FA00632F43 /* Q3ServerBrowser-iOS */ = {
			isa = PBXNativeTarget;
			buildConfigurationList = 224E9CBB219814FB00632F43 /* Build configuration list for PBXNativeTarget "Q3ServerBrowser-iOS" */;
			buildPhases = (
				224E9C99219814FA00632F43 /* Sources */,
				224E9C9A219814FA00632F43 /* Frameworks */,
				224E9C9B219814FA00632F43 /* Resources */,
				224E9D32219822A300632F43 /* Embed Frameworks */,
			);
			buildRules = (
			);
			dependencies = (
				224E9D31219822A300632F43 /* PBXTargetDependency */,
			);
			name = "Q3ServerBrowser-iOS";
			productName = "Q3ServerBrowser-iOS";
			productReference = 224E9C9D219814FA00632F43 /* Q3ServerBrowser-iOS.app */;
			productType = "com.apple.product-type.application";
		};
		224E9CCB21981AA900632F43 /* SQL-iOS */ = {
			isa = PBXNativeTarget;
			buildConfigurationList = 224E9CE321981AA900632F43 /* Build configuration list for PBXNativeTarget "SQL-iOS" */;
			buildPhases = (
				224E9CC721981AA900632F43 /* Headers */,
				224E9CC821981AA900632F43 /* Sources */,
				224E9CC921981AA900632F43 /* Frameworks */,
				224E9CCA21981AA900632F43 /* Resources */,
			);
			buildRules = (
			);
			dependencies = (
			);
			name = "SQL-iOS";
			productName = "SQL-iOS";
			productReference = 224E9CCC21981AA900632F43 /* SQL_iOS.framework */;
			productType = "com.apple.product-type.framework";
		};
		2278E80C20BC28FA005E72A3 /* SQL-Mac */ = {
			isa = PBXNativeTarget;
			buildConfigurationList = 2278E82420BC28FB005E72A3 /* Build configuration list for PBXNativeTarget "SQL-Mac" */;
			buildPhases = (
				2278E80820BC28FA005E72A3 /* Sources */,
				2278E80920BC28FA005E72A3 /* Frameworks */,
				2278E80A20BC28FA005E72A3 /* Headers */,
				2278E80B20BC28FA005E72A3 /* Resources */,
			);
			buildRules = (
			);
			dependencies = (
			);
			name = "SQL-Mac";
			productName = SQL;
			productReference = 2278E80D20BC28FA005E72A3 /* SQL_Mac.framework */;
			productType = "com.apple.product-type.framework";
		};
		8D1107260486CEB800E47090 /* Q3ServerBrowser */ = {
			isa = PBXNativeTarget;
			buildConfigurationList = C01FCF4A08A954540054247B /* Build configuration list for PBXNativeTarget "Q3ServerBrowser" */;
			buildPhases = (
				8D1107290486CEB800E47090 /* Resources */,
				8D11072C0486CEB800E47090 /* Sources */,
				8D11072E0486CEB800E47090 /* Frameworks */,
				224E9D2D2198229500632F43 /* Embed Frameworks */,
			);
			buildRules = (
			);
			dependencies = (
				224E9D2C2198229500632F43 /* PBXTargetDependency */,
			);
			name = Q3ServerBrowser;
			productInstallPath = "$(HOME)/Applications";
			productName = GameServerBrowser;
			productReference = 8D1107320486CEB800E47090 /* Q3ServerBrowser.app */;
			productType = "com.apple.product-type.application";
		};
		A24F12D321D6234300FA2A6A /* SQL_Mac_Tests */ = {
			isa = PBXNativeTarget;
			buildConfigurationList = A24F12DE21D6234400FA2A6A /* Build configuration list for PBXNativeTarget "SQL_Mac_Tests" */;
			buildPhases = (
				A24F12D021D6234300FA2A6A /* Sources */,
				A24F12D121D6234300FA2A6A /* Frameworks */,
				A24F12D221D6234300FA2A6A /* Resources */,
			);
			buildRules = (
			);
			dependencies = (
				A24F12DB21D6234400FA2A6A /* PBXTargetDependency */,
				A24F12E021D6234B00FA2A6A /* PBXTargetDependency */,
			);
			name = SQL_Mac_Tests;
			productName = SQL_Mac_Tests;
			productReference = A24F12D421D6234300FA2A6A /* SQL_Mac_Tests.xctest */;
			productType = "com.apple.product-type.bundle.unit-test";
		};
/* End PBXNativeTarget section */

/* Begin PBXProject section */
		29B97313FDCFA39411CA2CEA /* Project object */ = {
			isa = PBXProject;
			attributes = {
				LastSwiftUpdateCheck = 1000;
				LastUpgradeCheck = 1010;
				TargetAttributes = {
					224E9C9C219814FA00632F43 = {
						CreatedOnToolsVersion = 10.1;
						DevelopmentTeam = 9UY8SFDNQ8;
						ProvisioningStyle = Automatic;
					};
					224E9CCB21981AA900632F43 = {
						CreatedOnToolsVersion = 10.1;
						DevelopmentTeam = 9UY8SFDNQ8;
						ProvisioningStyle = Automatic;
					};
					2278E80C20BC28FA005E72A3 = {
						CreatedOnToolsVersion = 9.3.1;
						DevelopmentTeam = 9UY8SFDNQ8;
						LastSwiftMigration = 1000;
						ProvisioningStyle = Automatic;
					};
					8D1107260486CEB800E47090 = {
						DevelopmentTeam = 9UY8SFDNQ8;
						LastSwiftMigration = 1000;
						ProvisioningStyle = Automatic;
					};
					A24F12D321D6234300FA2A6A = {
						CreatedOnToolsVersion = 10.0;
						DevelopmentTeam = WL8LT3PQLC;
						ProvisioningStyle = Automatic;
						TestTargetID = 8D1107260486CEB800E47090;
					};
				};
			};
			buildConfigurationList = C01FCF4E08A954540054247B /* Build configuration list for PBXProject "Q3ServerBrowser" */;
			compatibilityVersion = "Xcode 3.2";
			developmentRegion = English;
			hasScannedForEncodings = 1;
			knownRegions = (
				English,
				Japanese,
				French,
				German,
				Base,
				en,
			);
			mainGroup = 29B97314FDCFA39411CA2CEA /* GameServerBrowser */;
			productRefGroup = 19C28FACFE9D520D11CA2CBB /* Products */;
			projectDirPath = "";
			projectRoot = "";
			targets = (
				8D1107260486CEB800E47090 /* Q3ServerBrowser */,
				224E9C9C219814FA00632F43 /* Q3ServerBrowser-iOS */,
				2278E80C20BC28FA005E72A3 /* SQL-Mac */,
				224E9CCB21981AA900632F43 /* SQL-iOS */,
				A24F12D321D6234300FA2A6A /* SQL_Mac_Tests */,
			);
		};
/* End PBXProject section */

/* Begin PBXResourcesBuildPhase section */
		224E9C9B219814FA00632F43 /* Resources */ = {
			isa = PBXResourcesBuildPhase;
			buildActionMask = 2147483647;
			files = (
				224E9CAA219814FB00632F43 /* LaunchScreen.storyboard in Resources */,
				224E9CA7219814FB00632F43 /* Assets.xcassets in Resources */,
				22A1AB0D21A181280007538D /* ServersTableViewCell.xib in Resources */,
				224E9CA5219814FA00632F43 /* Main.storyboard in Resources */,
			);
			runOnlyForDeploymentPostprocessing = 0;
		};
		224E9CCA21981AA900632F43 /* Resources */ = {
			isa = PBXResourcesBuildPhase;
			buildActionMask = 2147483647;
			files = (
			);
			runOnlyForDeploymentPostprocessing = 0;
		};
		2278E80B20BC28FA005E72A3 /* Resources */ = {
			isa = PBXResourcesBuildPhase;
			buildActionMask = 2147483647;
			files = (
			);
			runOnlyForDeploymentPostprocessing = 0;
		};
		8D1107290486CEB800E47090 /* Resources */ = {
			isa = PBXResourcesBuildPhase;
			buildActionMask = 2147483647;
			files = (
				2229F6B320C6C94200E87840 /* Images.xcassets in Resources */,
				2229F6E420C6D6CA00E87840 /* Main.storyboard in Resources */,
				2229F6AF20C6C94200E87840 /* Colors.xcassets in Resources */,
				2229F6B020C6C94200E87840 /* Localizable.strings in Resources */,
			);
			runOnlyForDeploymentPostprocessing = 0;
		};
		A24F12D221D6234300FA2A6A /* Resources */ = {
			isa = PBXResourcesBuildPhase;
			buildActionMask = 2147483647;
			files = (
			);
			runOnlyForDeploymentPostprocessing = 0;
		};
/* End PBXResourcesBuildPhase section */

/* Begin PBXSourcesBuildPhase section */
		224E9C99219814FA00632F43 /* Sources */ = {
			isa = PBXSourcesBuildPhase;
			buildActionMask = 2147483647;
			files = (
				22A1AB0721A17F180007538D /* ServerInfoViewController.swift in Sources */,
				224E9CA2219814FA00632F43 /* ServersViewController.swift in Sources */,
				2234D38A21C5568600555399 /* MapView.swift in Sources */,
				22A1AB0B21A1811C0007538D /* ServersTableViewCell.swift in Sources */,
				224E9CA0219814FA00632F43 /* AppDelegate.swift in Sources */,
			);
			runOnlyForDeploymentPostprocessing = 0;
		};
		224E9CC821981AA900632F43 /* Sources */ = {
			isa = PBXSourcesBuildPhase;
			buildActionMask = 2147483647;
			files = (
				A1020A95226433D7007DADA9 /* RTCWCoordinator.swift in Sources */,
				224E9CF621981BD500632F43 /* Q3Coordinator.swift in Sources */,
				224E9D2621981DD300632F43 /* Game.swift in Sources */,
				A24F12E721D6285F00FA2A6A /* GCDAsyncUDPSocketWrapper.swift in Sources */,
				224E9CFB21981BE200632F43 /* Q3Operation.swift in Sources */,
				224E9CF021981BBF00632F43 /* SupportedGames.swift in Sources */,
				224E9CFC21981BE500632F43 /* Q3MasterServerController.swift in Sources */,
				224E9CF521981BCE00632F43 /* String+Q3Name.swift in Sources */,
				224E9CF221981BC400632F43 /* QueryOperation.swift in Sources */,
				224E9CF721981BD700632F43 /* Q3Server.swift in Sources */,
				224E9CED21981BB600632F43 /* Player.swift in Sources */,
				224E9CF121981BC200632F43 /* Coordinator.swift in Sources */,
				A1020A98226433E6007DADA9 /* RTCWMasterServerController.swift in Sources */,
				224E9CF321981BC700632F43 /* ServerController.swift in Sources */,
				224E9CF421981BCA00632F43 /* MasterServerController.swift in Sources */,
				224E9CEC21981BB200632F43 /* Server.swift in Sources */,
				224E9CF821981BDA00632F43 /* Q3ServerController.swift in Sources */,
				224E9CEE21981BB900632F43 /* Parsable.swift in Sources */,
				224E9CF921981BDD00632F43 /* Q3Player.swift in Sources */,
				224E9CEF21981BBC00632F43 /* SQLError.swift in Sources */,
				224E9CFA21981BDF00632F43 /* Q3Parser.swift in Sources */,
			);
			runOnlyForDeploymentPostprocessing = 0;
		};
		2278E80820BC28FA005E72A3 /* Sources */ = {
			isa = PBXSourcesBuildPhase;
			buildActionMask = 2147483647;
			files = (
				A1020A94226433D7007DADA9 /* RTCWCoordinator.swift in Sources */,
				220FEAD920CAB9C300A63F14 /* SupportedGames.swift in Sources */,
				224E9D2521981DD300632F43 /* Game.swift in Sources */,
				A24F12E621D6285F00FA2A6A /* GCDAsyncUDPSocketWrapper.swift in Sources */,
				22C9C12020ED017900F7CEC1 /* QueryOperation.swift in Sources */,
				22C9C11220ECFD9200F7CEC1 /* Q3Server.swift in Sources */,
				22C9C11620ECFD9200F7CEC1 /* Q3Operation.swift in Sources */,
				22C9C11820ECFD9200F7CEC1 /* String+Q3Name.swift in Sources */,
				2278E83C20BC2AF8005E72A3 /* Server.swift in Sources */,
				22C9C11E20ED006C00F7CEC1 /* ServerController.swift in Sources */,
				220FEADB20CABA3300A63F14 /* Coordinator.swift in Sources */,
				22C9C11120ECFD9200F7CEC1 /* Q3Coordinator.swift in Sources */,
				A1020A97226433E6007DADA9 /* RTCWMasterServerController.swift in Sources */,
				22C9C11A20ECFDC000F7CEC1 /* MasterServerController.swift in Sources */,
				2278E83B20BC2AF8005E72A3 /* Player.swift in Sources */,
				22C9C11520ECFD9200F7CEC1 /* Q3Parser.swift in Sources */,
				2278E83820BC2A54005E72A3 /* Parsable.swift in Sources */,
				220FEAD720CAB90200A63F14 /* SQLError.swift in Sources */,
				22C9C11420ECFD9200F7CEC1 /* Q3Player.swift in Sources */,
				22C9C11720ECFD9200F7CEC1 /* Q3MasterServerController.swift in Sources */,
				22C9C11320ECFD9200F7CEC1 /* Q3ServerController.swift in Sources */,
			);
			runOnlyForDeploymentPostprocessing = 0;
		};
		8D11072C0486CEB800E47090 /* Sources */ = {
			isa = PBXSourcesBuildPhase;
			buildActionMask = 2147483647;
			files = (
				226E186920D5158700F8F9CA /* LogsWindowController.swift in Sources */,
				220FEABA20CA8D0600A63F14 /* MainWindowController.swift in Sources */,
				222693FC213D8939002F1E13 /* Settings.swift in Sources */,
				22CCE7E720DA906B0014902A /* NSWindowController+Alert.swift in Sources */,
				A2359FA71F10427A00498384 /* AppDelegate.swift in Sources */,
				220FEAC420CA8FFA00A63F14 /* PlayersViewController.swift in Sources */,
				220FEAC020CA8FDF00A63F14 /* ServerStatusSplitViewController.swift in Sources */,
				226E186B20D5214800F8F9CA /* LogsViewController.swift in Sources */,
				220FEAC220CA8FEC00A63F14 /* ServerRulesViewController.swift in Sources */,
				A24F12EA21D62E2900FA2A6A /* GCDAsyncUDPSocketWrapperMock.swift in Sources */,
				A2DD85191F1B5B7700C1AF9B /* Utilities.swift in Sources */,
				220FEABC20CA8FAF00A63F14 /* TopSplitViewController.swift in Sources */,
				220FEABE20CA8FD000A63F14 /* ServersViewController.swift in Sources */,
			);
			runOnlyForDeploymentPostprocessing = 0;
		};
		A24F12D021D6234300FA2A6A /* Sources */ = {
			isa = PBXSourcesBuildPhase;
			buildActionMask = 2147483647;
			files = (
				A24F12E221D6239100FA2A6A /* Q3MasterServerControllerTests.swift in Sources */,
			);
			runOnlyForDeploymentPostprocessing = 0;
		};
/* End PBXSourcesBuildPhase section */

/* Begin PBXTargetDependency section */
		224E9D2C2198229500632F43 /* PBXTargetDependency */ = {
			isa = PBXTargetDependency;
			target = 2278E80C20BC28FA005E72A3 /* SQL-Mac */;
			targetProxy = 224E9D2B2198229500632F43 /* PBXContainerItemProxy */;
		};
		224E9D31219822A300632F43 /* PBXTargetDependency */ = {
			isa = PBXTargetDependency;
			target = 224E9CCB21981AA900632F43 /* SQL-iOS */;
			targetProxy = 224E9D30219822A300632F43 /* PBXContainerItemProxy */;
		};
		A24F12DB21D6234400FA2A6A /* PBXTargetDependency */ = {
			isa = PBXTargetDependency;
			target = 2278E80C20BC28FA005E72A3 /* SQL-Mac */;
			targetProxy = A24F12DA21D6234400FA2A6A /* PBXContainerItemProxy */;
		};
		A24F12E021D6234B00FA2A6A /* PBXTargetDependency */ = {
			isa = PBXTargetDependency;
			target = 8D1107260486CEB800E47090 /* Q3ServerBrowser */;
			targetProxy = A24F12DF21D6234B00FA2A6A /* PBXContainerItemProxy */;
		};
/* End PBXTargetDependency section */

/* Begin PBXVariantGroup section */
		2229F6A820C6C94200E87840 /* Localizable.strings */ = {
			isa = PBXVariantGroup;
			children = (
				2229F6A920C6C94200E87840 /* en */,
				2229F6AA20C6C94200E87840 /* Base */,
			);
			name = Localizable.strings;
			sourceTree = "<group>";
		};
		224E9CA3219814FA00632F43 /* Main.storyboard */ = {
			isa = PBXVariantGroup;
			children = (
				224E9CA4219814FA00632F43 /* Base */,
			);
			name = Main.storyboard;
			sourceTree = "<group>";
		};
		224E9CA8219814FB00632F43 /* LaunchScreen.storyboard */ = {
			isa = PBXVariantGroup;
			children = (
				224E9CA9219814FB00632F43 /* Base */,
			);
			name = LaunchScreen.storyboard;
			sourceTree = "<group>";
		};
/* End PBXVariantGroup section */

/* Begin XCBuildConfiguration section */
		224E9CB7219814FB00632F43 /* Debug */ = {
			isa = XCBuildConfiguration;
			buildSettings = {
				ALWAYS_EMBED_SWIFT_STANDARD_LIBRARIES = YES;
				ALWAYS_SEARCH_USER_PATHS = NO;
				ASSETCATALOG_COMPILER_APPICON_NAME = AppIcon;
				CLANG_ANALYZER_NONNULL = YES;
				CLANG_ANALYZER_NUMBER_OBJECT_CONVERSION = YES_AGGRESSIVE;
				CLANG_CXX_LANGUAGE_STANDARD = "gnu++14";
				CLANG_CXX_LIBRARY = "libc++";
				CLANG_ENABLE_MODULES = YES;
				CLANG_ENABLE_OBJC_ARC = YES;
				CLANG_ENABLE_OBJC_WEAK = YES;
				CLANG_WARN_DIRECT_OBJC_ISA_USAGE = YES_ERROR;
				CLANG_WARN_DOCUMENTATION_COMMENTS = YES;
				CLANG_WARN_OBJC_ROOT_CLASS = YES_ERROR;
				CLANG_WARN_UNGUARDED_AVAILABILITY = YES_AGGRESSIVE;
				CODE_SIGN_IDENTITY = "iPhone Developer";
				CODE_SIGN_STYLE = Automatic;
				COPY_PHASE_STRIP = NO;
				DEBUG_INFORMATION_FORMAT = dwarf;
				DEVELOPMENT_TEAM = 9UY8SFDNQ8;
				FRAMEWORK_SEARCH_PATHS = "$(PROJECT_DIR)/ThirdParty/iOS";
				GCC_C_LANGUAGE_STANDARD = gnu11;
				GCC_DYNAMIC_NO_PIC = NO;
				GCC_PREPROCESSOR_DEFINITIONS = (
					"DEBUG=1",
					"$(inherited)",
				);
				GCC_WARN_ABOUT_RETURN_TYPE = YES_ERROR;
				GCC_WARN_UNINITIALIZED_AUTOS = YES_AGGRESSIVE;
				INFOPLIST_FILE = "Q3ServerBrowser-iOS/Info.plist";
				IPHONEOS_DEPLOYMENT_TARGET = 11.0;
				LD_RUNPATH_SEARCH_PATHS = "$(inherited) @executable_path/Frameworks @executable_path/../Frameworks";
				MTL_ENABLE_DEBUG_INFO = INCLUDE_SOURCE;
				MTL_FAST_MATH = YES;
				PRODUCT_BUNDLE_IDENTIFIER = "com.andreagiavatto.Q3ServerBrowser-iOS";
				PRODUCT_NAME = "$(TARGET_NAME)";
				SDKROOT = iphoneos;
				SWIFT_ACTIVE_COMPILATION_CONDITIONS = DEBUG;
				SWIFT_OPTIMIZATION_LEVEL = "-Onone";
				SWIFT_VERSION = 4.2;
				TARGETED_DEVICE_FAMILY = "1,2";
			};
			name = Debug;
		};
		224E9CB8219814FB00632F43 /* Release */ = {
			isa = XCBuildConfiguration;
			buildSettings = {
				ALWAYS_EMBED_SWIFT_STANDARD_LIBRARIES = YES;
				ALWAYS_SEARCH_USER_PATHS = NO;
				ASSETCATALOG_COMPILER_APPICON_NAME = AppIcon;
				CLANG_ANALYZER_NONNULL = YES;
				CLANG_ANALYZER_NUMBER_OBJECT_CONVERSION = YES_AGGRESSIVE;
				CLANG_CXX_LANGUAGE_STANDARD = "gnu++14";
				CLANG_CXX_LIBRARY = "libc++";
				CLANG_ENABLE_MODULES = YES;
				CLANG_ENABLE_OBJC_ARC = YES;
				CLANG_ENABLE_OBJC_WEAK = YES;
				CLANG_WARN_DIRECT_OBJC_ISA_USAGE = YES_ERROR;
				CLANG_WARN_DOCUMENTATION_COMMENTS = YES;
				CLANG_WARN_OBJC_ROOT_CLASS = YES_ERROR;
				CLANG_WARN_UNGUARDED_AVAILABILITY = YES_AGGRESSIVE;
				CODE_SIGN_IDENTITY = "iPhone Developer";
				CODE_SIGN_STYLE = Automatic;
				COPY_PHASE_STRIP = NO;
				DEBUG_INFORMATION_FORMAT = "dwarf-with-dsym";
				DEVELOPMENT_TEAM = 9UY8SFDNQ8;
				ENABLE_NS_ASSERTIONS = NO;
				FRAMEWORK_SEARCH_PATHS = "$(PROJECT_DIR)/ThirdParty/iOS";
				GCC_C_LANGUAGE_STANDARD = gnu11;
				GCC_WARN_ABOUT_RETURN_TYPE = YES_ERROR;
				GCC_WARN_UNINITIALIZED_AUTOS = YES_AGGRESSIVE;
				INFOPLIST_FILE = "Q3ServerBrowser-iOS/Info.plist";
				IPHONEOS_DEPLOYMENT_TARGET = 11.0;
				LD_RUNPATH_SEARCH_PATHS = "$(inherited) @executable_path/Frameworks @executable_path/../Frameworks";
				MTL_ENABLE_DEBUG_INFO = NO;
				MTL_FAST_MATH = YES;
				PRODUCT_BUNDLE_IDENTIFIER = "com.andreagiavatto.Q3ServerBrowser-iOS";
				PRODUCT_NAME = "$(TARGET_NAME)";
				SDKROOT = iphoneos;
				SWIFT_VERSION = 4.2;
				TARGETED_DEVICE_FAMILY = "1,2";
				VALIDATE_PRODUCT = YES;
			};
			name = Release;
		};
		224E9CE421981AA900632F43 /* Debug */ = {
			isa = XCBuildConfiguration;
			buildSettings = {
				ALWAYS_EMBED_SWIFT_STANDARD_LIBRARIES = NO;
				ALWAYS_SEARCH_USER_PATHS = NO;
				CLANG_ANALYZER_NONNULL = YES;
				CLANG_ANALYZER_NUMBER_OBJECT_CONVERSION = YES_AGGRESSIVE;
				CLANG_CXX_LANGUAGE_STANDARD = "gnu++14";
				CLANG_CXX_LIBRARY = "libc++";
				CLANG_ENABLE_MODULES = YES;
				CLANG_ENABLE_OBJC_ARC = YES;
				CLANG_ENABLE_OBJC_WEAK = YES;
				CLANG_WARN_DIRECT_OBJC_ISA_USAGE = YES_ERROR;
				CLANG_WARN_DOCUMENTATION_COMMENTS = YES;
				CLANG_WARN_OBJC_ROOT_CLASS = YES_ERROR;
				CLANG_WARN_UNGUARDED_AVAILABILITY = YES_AGGRESSIVE;
				CODE_SIGN_IDENTITY = "";
				CODE_SIGN_STYLE = Automatic;
				COPY_PHASE_STRIP = NO;
				CURRENT_PROJECT_VERSION = 1;
				DEBUG_INFORMATION_FORMAT = dwarf;
				DEFINES_MODULE = YES;
				DEVELOPMENT_TEAM = 9UY8SFDNQ8;
				DYLIB_COMPATIBILITY_VERSION = 1;
				DYLIB_CURRENT_VERSION = 1;
				DYLIB_INSTALL_NAME_BASE = "@rpath";
				FRAMEWORK_SEARCH_PATHS = (
					"$(inherited)",
					"$(PROJECT_DIR)/ThirdParty/iOS",
				);
				GCC_C_LANGUAGE_STANDARD = gnu11;
				GCC_DYNAMIC_NO_PIC = NO;
				GCC_PREPROCESSOR_DEFINITIONS = (
					"DEBUG=1",
					"$(inherited)",
				);
				GCC_WARN_ABOUT_RETURN_TYPE = YES_ERROR;
				GCC_WARN_UNINITIALIZED_AUTOS = YES_AGGRESSIVE;
				INFOPLIST_FILE = "SQL/Info-iOS.plist";
				INSTALL_PATH = "$(LOCAL_LIBRARY_DIR)/Frameworks";
				IPHONEOS_DEPLOYMENT_TARGET = 11.0;
				LD_RUNPATH_SEARCH_PATHS = "$(inherited) @executable_path/Frameworks @loader_path/Frameworks";
				MTL_ENABLE_DEBUG_INFO = INCLUDE_SOURCE;
				MTL_FAST_MATH = YES;
				PRODUCT_BUNDLE_IDENTIFIER = "com.andreagiavatto.SQL-iOS";
				PRODUCT_NAME = "$(TARGET_NAME:c99extidentifier)";
				SDKROOT = iphoneos;
				SKIP_INSTALL = YES;
				SWIFT_ACTIVE_COMPILATION_CONDITIONS = DEBUG;
				SWIFT_OPTIMIZATION_LEVEL = "-Onone";
				SWIFT_VERSION = 4.2;
				TARGETED_DEVICE_FAMILY = "1,2";
				VERSIONING_SYSTEM = "apple-generic";
				VERSION_INFO_PREFIX = "";
			};
			name = Debug;
		};
		224E9CE521981AA900632F43 /* Release */ = {
			isa = XCBuildConfiguration;
			buildSettings = {
				ALWAYS_EMBED_SWIFT_STANDARD_LIBRARIES = NO;
				ALWAYS_SEARCH_USER_PATHS = NO;
				CLANG_ANALYZER_NONNULL = YES;
				CLANG_ANALYZER_NUMBER_OBJECT_CONVERSION = YES_AGGRESSIVE;
				CLANG_CXX_LANGUAGE_STANDARD = "gnu++14";
				CLANG_CXX_LIBRARY = "libc++";
				CLANG_ENABLE_MODULES = YES;
				CLANG_ENABLE_OBJC_ARC = YES;
				CLANG_ENABLE_OBJC_WEAK = YES;
				CLANG_WARN_DIRECT_OBJC_ISA_USAGE = YES_ERROR;
				CLANG_WARN_DOCUMENTATION_COMMENTS = YES;
				CLANG_WARN_OBJC_ROOT_CLASS = YES_ERROR;
				CLANG_WARN_UNGUARDED_AVAILABILITY = YES_AGGRESSIVE;
				CODE_SIGN_IDENTITY = "";
				CODE_SIGN_STYLE = Automatic;
				COPY_PHASE_STRIP = NO;
				CURRENT_PROJECT_VERSION = 1;
				DEBUG_INFORMATION_FORMAT = "dwarf-with-dsym";
				DEFINES_MODULE = YES;
				DEVELOPMENT_TEAM = 9UY8SFDNQ8;
				DYLIB_COMPATIBILITY_VERSION = 1;
				DYLIB_CURRENT_VERSION = 1;
				DYLIB_INSTALL_NAME_BASE = "@rpath";
				ENABLE_NS_ASSERTIONS = NO;
				FRAMEWORK_SEARCH_PATHS = (
					"$(inherited)",
					"$(PROJECT_DIR)/ThirdParty/iOS",
				);
				GCC_C_LANGUAGE_STANDARD = gnu11;
				GCC_WARN_ABOUT_RETURN_TYPE = YES_ERROR;
				GCC_WARN_UNINITIALIZED_AUTOS = YES_AGGRESSIVE;
				INFOPLIST_FILE = "SQL/Info-iOS.plist";
				INSTALL_PATH = "$(LOCAL_LIBRARY_DIR)/Frameworks";
				IPHONEOS_DEPLOYMENT_TARGET = 11.0;
				LD_RUNPATH_SEARCH_PATHS = "$(inherited) @executable_path/Frameworks @loader_path/Frameworks";
				MTL_ENABLE_DEBUG_INFO = NO;
				MTL_FAST_MATH = YES;
				PRODUCT_BUNDLE_IDENTIFIER = "com.andreagiavatto.SQL-iOS";
				PRODUCT_NAME = "$(TARGET_NAME:c99extidentifier)";
				SDKROOT = iphoneos;
				SKIP_INSTALL = YES;
				SWIFT_VERSION = 4.2;
				TARGETED_DEVICE_FAMILY = "1,2";
				VALIDATE_PRODUCT = YES;
				VERSIONING_SYSTEM = "apple-generic";
				VERSION_INFO_PREFIX = "";
			};
			name = Release;
		};
		2278E82520BC28FB005E72A3 /* Debug */ = {
			isa = XCBuildConfiguration;
			buildSettings = {
				ALWAYS_EMBED_SWIFT_STANDARD_LIBRARIES = NO;
				ALWAYS_SEARCH_USER_PATHS = NO;
				CLANG_ANALYZER_NONNULL = YES;
				CLANG_ANALYZER_NUMBER_OBJECT_CONVERSION = YES_AGGRESSIVE;
				CLANG_CXX_LANGUAGE_STANDARD = "gnu++14";
				CLANG_CXX_LIBRARY = "libc++";
				CLANG_ENABLE_MODULES = YES;
				CLANG_ENABLE_OBJC_ARC = YES;
				CLANG_ENABLE_OBJC_WEAK = YES;
				CLANG_WARN_DIRECT_OBJC_ISA_USAGE = YES_ERROR;
				CLANG_WARN_DOCUMENTATION_COMMENTS = YES;
				CLANG_WARN_OBJC_ROOT_CLASS = YES_ERROR;
				CLANG_WARN_UNGUARDED_AVAILABILITY = YES_AGGRESSIVE;
				CODE_SIGN_IDENTITY = "";
				CODE_SIGN_STYLE = Automatic;
				COMBINE_HIDPI_IMAGES = YES;
				COPY_PHASE_STRIP = NO;
				CURRENT_PROJECT_VERSION = 1;
				DEBUG_INFORMATION_FORMAT = dwarf;
				DEFINES_MODULE = YES;
				DEVELOPMENT_TEAM = 9UY8SFDNQ8;
				DYLIB_COMPATIBILITY_VERSION = 1;
				DYLIB_CURRENT_VERSION = 1;
				DYLIB_INSTALL_NAME_BASE = "@rpath";
				FRAMEWORK_SEARCH_PATHS = (
					"$(inherited)",
					"$(PROJECT_DIR)/ThirdParty",
					"$(PROJECT_DIR)/ThirdParty/iOS",
					"$(PROJECT_DIR)/ThirdParty/Mac",
				);
				FRAMEWORK_VERSION = A;
				GCC_C_LANGUAGE_STANDARD = gnu11;
				GCC_DYNAMIC_NO_PIC = NO;
				GCC_PREPROCESSOR_DEFINITIONS = (
					"DEBUG=1",
					"$(inherited)",
				);
				GCC_WARN_ABOUT_RETURN_TYPE = YES_ERROR;
				GCC_WARN_UNINITIALIZED_AUTOS = YES_AGGRESSIVE;
				INFOPLIST_FILE = "SQL/Info-Mac.plist";
				INSTALL_PATH = "$(LOCAL_LIBRARY_DIR)/Frameworks";
				LD_RUNPATH_SEARCH_PATHS = "$(inherited) @executable_path/Frameworks @loader_path/Frameworks";
				MACOSX_DEPLOYMENT_TARGET = 10.10;
				MTL_ENABLE_DEBUG_INFO = YES;
				PRODUCT_BUNDLE_IDENTIFIER = "com.andreagiavatto.SQL-Mac";
				PRODUCT_NAME = "$(TARGET_NAME:c99extidentifier)";
				SKIP_INSTALL = YES;
				SWIFT_ACTIVE_COMPILATION_CONDITIONS = DEBUG;
				SWIFT_OPTIMIZATION_LEVEL = "-Onone";
				SWIFT_VERSION = 4.2;
				VERSIONING_SYSTEM = "apple-generic";
				VERSION_INFO_PREFIX = "";
			};
			name = Debug;
		};
		2278E82620BC28FB005E72A3 /* Release */ = {
			isa = XCBuildConfiguration;
			buildSettings = {
				ALWAYS_EMBED_SWIFT_STANDARD_LIBRARIES = NO;
				ALWAYS_SEARCH_USER_PATHS = NO;
				CLANG_ANALYZER_NONNULL = YES;
				CLANG_ANALYZER_NUMBER_OBJECT_CONVERSION = YES_AGGRESSIVE;
				CLANG_CXX_LANGUAGE_STANDARD = "gnu++14";
				CLANG_CXX_LIBRARY = "libc++";
				CLANG_ENABLE_MODULES = YES;
				CLANG_ENABLE_OBJC_ARC = YES;
				CLANG_ENABLE_OBJC_WEAK = YES;
				CLANG_WARN_DIRECT_OBJC_ISA_USAGE = YES_ERROR;
				CLANG_WARN_DOCUMENTATION_COMMENTS = YES;
				CLANG_WARN_OBJC_ROOT_CLASS = YES_ERROR;
				CLANG_WARN_UNGUARDED_AVAILABILITY = YES_AGGRESSIVE;
				CODE_SIGN_IDENTITY = "";
				CODE_SIGN_STYLE = Automatic;
				COMBINE_HIDPI_IMAGES = YES;
				COPY_PHASE_STRIP = NO;
				CURRENT_PROJECT_VERSION = 1;
				DEBUG_INFORMATION_FORMAT = "dwarf-with-dsym";
				DEFINES_MODULE = YES;
				DEVELOPMENT_TEAM = 9UY8SFDNQ8;
				DYLIB_COMPATIBILITY_VERSION = 1;
				DYLIB_CURRENT_VERSION = 1;
				DYLIB_INSTALL_NAME_BASE = "@rpath";
				ENABLE_NS_ASSERTIONS = NO;
				ENABLE_TESTABILITY = YES;
				FRAMEWORK_SEARCH_PATHS = (
					"$(inherited)",
					"$(PROJECT_DIR)/ThirdParty",
					"$(PROJECT_DIR)/ThirdParty/iOS",
					"$(PROJECT_DIR)/ThirdParty/Mac",
				);
				FRAMEWORK_VERSION = A;
				GCC_C_LANGUAGE_STANDARD = gnu11;
				GCC_WARN_ABOUT_RETURN_TYPE = YES_ERROR;
				GCC_WARN_UNINITIALIZED_AUTOS = YES_AGGRESSIVE;
				INFOPLIST_FILE = "SQL/Info-Mac.plist";
				INSTALL_PATH = "$(LOCAL_LIBRARY_DIR)/Frameworks";
				LD_RUNPATH_SEARCH_PATHS = "$(inherited) @executable_path/Frameworks @loader_path/Frameworks";
				MACOSX_DEPLOYMENT_TARGET = 10.10;
				MTL_ENABLE_DEBUG_INFO = NO;
				PRODUCT_BUNDLE_IDENTIFIER = "com.andreagiavatto.SQL-Mac";
				PRODUCT_NAME = "$(TARGET_NAME:c99extidentifier)";
				SKIP_INSTALL = YES;
				SWIFT_VERSION = 4.2;
				VERSIONING_SYSTEM = "apple-generic";
				VERSION_INFO_PREFIX = "";
			};
			name = Release;
		};
		A24F12DC21D6234400FA2A6A /* Debug */ = {
			isa = XCBuildConfiguration;
			buildSettings = {
				ALWAYS_SEARCH_USER_PATHS = NO;
				CLANG_ANALYZER_NONNULL = YES;
				CLANG_ANALYZER_NUMBER_OBJECT_CONVERSION = YES_AGGRESSIVE;
				CLANG_CXX_LANGUAGE_STANDARD = "gnu++14";
				CLANG_CXX_LIBRARY = "libc++";
				CLANG_ENABLE_MODULES = YES;
				CLANG_ENABLE_OBJC_ARC = YES;
				CLANG_ENABLE_OBJC_WEAK = YES;
				CLANG_WARN_DIRECT_OBJC_ISA_USAGE = YES_ERROR;
				CLANG_WARN_DOCUMENTATION_COMMENTS = YES;
				CLANG_WARN_OBJC_ROOT_CLASS = YES_ERROR;
				CLANG_WARN_UNGUARDED_AVAILABILITY = YES_AGGRESSIVE;
				CODE_SIGN_IDENTITY = "Mac Developer";
				CODE_SIGN_STYLE = Automatic;
				COMBINE_HIDPI_IMAGES = YES;
				COPY_PHASE_STRIP = NO;
				DEBUG_INFORMATION_FORMAT = dwarf;
				DEVELOPMENT_TEAM = WL8LT3PQLC;
				GCC_C_LANGUAGE_STANDARD = gnu11;
				GCC_DYNAMIC_NO_PIC = NO;
				GCC_PREPROCESSOR_DEFINITIONS = (
					"DEBUG=1",
					"$(inherited)",
				);
				GCC_WARN_ABOUT_RETURN_TYPE = YES_ERROR;
				GCC_WARN_UNINITIALIZED_AUTOS = YES_AGGRESSIVE;
				INFOPLIST_FILE = "SQL/SQL_Mac_Tests/Info-Tests.plist";
				LD_RUNPATH_SEARCH_PATHS = "$(inherited) @executable_path/../Frameworks @loader_path/../Frameworks";
				MACOSX_DEPLOYMENT_TARGET = 10.14;
				MTL_ENABLE_DEBUG_INFO = INCLUDE_SOURCE;
				MTL_FAST_MATH = YES;
				PRODUCT_BUNDLE_IDENTIFIER = "com.andreagiavatto.SQL-Mac-Tests";
				PRODUCT_NAME = "$(TARGET_NAME)";
				SWIFT_ACTIVE_COMPILATION_CONDITIONS = DEBUG;
				SWIFT_OPTIMIZATION_LEVEL = "-Onone";
				SWIFT_VERSION = 4.2;
				TEST_HOST = "$(BUILT_PRODUCTS_DIR)/Q3ServerBrowser.app/Contents/MacOS/Q3ServerBrowser";
			};
			name = Debug;
		};
		A24F12DD21D6234400FA2A6A /* Release */ = {
			isa = XCBuildConfiguration;
			buildSettings = {
				ALWAYS_SEARCH_USER_PATHS = NO;
				CLANG_ANALYZER_NONNULL = YES;
				CLANG_ANALYZER_NUMBER_OBJECT_CONVERSION = YES_AGGRESSIVE;
				CLANG_CXX_LANGUAGE_STANDARD = "gnu++14";
				CLANG_CXX_LIBRARY = "libc++";
				CLANG_ENABLE_MODULES = YES;
				CLANG_ENABLE_OBJC_ARC = YES;
				CLANG_ENABLE_OBJC_WEAK = YES;
				CLANG_WARN_DIRECT_OBJC_ISA_USAGE = YES_ERROR;
				CLANG_WARN_DOCUMENTATION_COMMENTS = YES;
				CLANG_WARN_OBJC_ROOT_CLASS = YES_ERROR;
				CLANG_WARN_UNGUARDED_AVAILABILITY = YES_AGGRESSIVE;
				CODE_SIGN_IDENTITY = "Mac Developer";
				CODE_SIGN_STYLE = Automatic;
				COMBINE_HIDPI_IMAGES = YES;
				COPY_PHASE_STRIP = NO;
				DEBUG_INFORMATION_FORMAT = "dwarf-with-dsym";
				DEVELOPMENT_TEAM = WL8LT3PQLC;
				ENABLE_NS_ASSERTIONS = NO;
				GCC_C_LANGUAGE_STANDARD = gnu11;
				GCC_WARN_ABOUT_RETURN_TYPE = YES_ERROR;
				GCC_WARN_UNINITIALIZED_AUTOS = YES_AGGRESSIVE;
				INFOPLIST_FILE = "SQL/SQL_Mac_Tests/Info-Tests.plist";
				LD_RUNPATH_SEARCH_PATHS = "$(inherited) @executable_path/../Frameworks @loader_path/../Frameworks";
				MACOSX_DEPLOYMENT_TARGET = 10.14;
				MTL_ENABLE_DEBUG_INFO = NO;
				MTL_FAST_MATH = YES;
				PRODUCT_BUNDLE_IDENTIFIER = "com.andreagiavatto.SQL-Mac-Tests";
				PRODUCT_NAME = "$(TARGET_NAME)";
				SWIFT_VERSION = 4.2;
				TEST_HOST = "$(BUILT_PRODUCTS_DIR)/Q3ServerBrowser.app/Contents/MacOS/Q3ServerBrowser";
			};
			name = Release;
		};
		C01FCF4B08A954540054247B /* Debug */ = {
			isa = XCBuildConfiguration;
			buildSettings = {
				ALWAYS_EMBED_SWIFT_STANDARD_LIBRARIES = YES;
				ALWAYS_SEARCH_USER_PATHS = NO;
				ASSETCATALOG_COMPILER_APPICON_NAME = AppIcon;
				CLANG_ENABLE_OBJC_ARC = YES;
				CODE_SIGN_IDENTITY = "Mac Developer";
				CODE_SIGN_STYLE = Automatic;
				COMBINE_HIDPI_IMAGES = YES;
				COPY_PHASE_STRIP = NO;
				DEVELOPMENT_TEAM = 9UY8SFDNQ8;
				ENABLE_HARDENED_RUNTIME = YES;
				FRAMEWORK_SEARCH_PATHS = (
					"$(inherited)",
					"$(PROJECT_DIR)/ThirdParty/Mac",
				);
				GCC_DYNAMIC_NO_PIC = NO;
				GCC_MODEL_TUNING = G5;
				GCC_OPTIMIZATION_LEVEL = 0;
				GCC_VERSION = "";
				INFOPLIST_FILE = "$(SRCROOT)/Q3ServerBrowser-Mac/Resources/Q3ServerBrowser-Info.plist";
				INSTALL_PATH = "$(HOME)/Applications";
				LD_RUNPATH_SEARCH_PATHS = "@executable_path/Frameworks @executable_path/../Frameworks";
				LIBRARY_SEARCH_PATHS = (
					"$(inherited)",
					"\"$(SRCROOT)\"",
				);
				MACOSX_DEPLOYMENT_TARGET = 10.11;
				OTHER_LDFLAGS = (
					"-licucore",
					"$(inherited)",
				);
				PRODUCT_BUNDLE_IDENTIFIER = "com.andreagiavatto.${PRODUCT_NAME:rfc1034identifier}";
				PRODUCT_NAME = Q3ServerBrowser;
				PROVISIONING_PROFILE_SPECIFIER = "";
				SDKROOT = macosx;
				SWIFT_OPTIMIZATION_LEVEL = "-Onone";
				SWIFT_SUPPRESS_WARNINGS = YES;
				SWIFT_VERSION = 4.2;
			};
			name = Debug;
		};
		C01FCF4C08A954540054247B /* Release */ = {
			isa = XCBuildConfiguration;
			buildSettings = {
				ALWAYS_EMBED_SWIFT_STANDARD_LIBRARIES = YES;
				ALWAYS_SEARCH_USER_PATHS = NO;
				ASSETCATALOG_COMPILER_APPICON_NAME = AppIcon;
				CLANG_ENABLE_OBJC_ARC = YES;
				CODE_SIGN_IDENTITY = "Mac Developer";
				CODE_SIGN_STYLE = Automatic;
				COMBINE_HIDPI_IMAGES = YES;
				DEBUG_INFORMATION_FORMAT = "dwarf-with-dsym";
				DEVELOPMENT_TEAM = 9UY8SFDNQ8;
				ENABLE_HARDENED_RUNTIME = YES;
				FRAMEWORK_SEARCH_PATHS = (
					"$(inherited)",
					"$(PROJECT_DIR)/ThirdParty/Mac",
				);
				GCC_MODEL_TUNING = G5;
				GCC_VERSION = "";
				INFOPLIST_FILE = "$(SRCROOT)/Q3ServerBrowser-Mac/Resources/Q3ServerBrowser-Info.plist";
				INSTALL_PATH = "$(HOME)/Applications";
				LD_RUNPATH_SEARCH_PATHS = "@executable_path/Frameworks @executable_path/../Frameworks";
				LIBRARY_SEARCH_PATHS = (
					"$(inherited)",
					"\"$(SRCROOT)\"",
				);
				MACOSX_DEPLOYMENT_TARGET = 10.11;
				OTHER_LDFLAGS = (
					"-licucore",
					"$(inherited)",
				);
				PRODUCT_BUNDLE_IDENTIFIER = "com.andreagiavatto.${PRODUCT_NAME:rfc1034identifier}";
				PRODUCT_NAME = Q3ServerBrowser;
				PROVISIONING_PROFILE_SPECIFIER = "";
				SDKROOT = macosx;
				SWIFT_SUPPRESS_WARNINGS = YES;
				SWIFT_VERSION = 4.2;
			};
			name = Release;
		};
		C01FCF4F08A954540054247B /* Debug */ = {
			isa = XCBuildConfiguration;
			buildSettings = {
				CLANG_ANALYZER_LOCALIZABILITY_NONLOCALIZED = YES;
				CLANG_WARN_BLOCK_CAPTURE_AUTORELEASING = YES;
				CLANG_WARN_BOOL_CONVERSION = YES;
				CLANG_WARN_COMMA = YES;
				CLANG_WARN_CONSTANT_CONVERSION = YES;
				CLANG_WARN_DEPRECATED_OBJC_IMPLEMENTATIONS = YES;
				CLANG_WARN_EMPTY_BODY = YES;
				CLANG_WARN_ENUM_CONVERSION = YES;
				CLANG_WARN_INFINITE_RECURSION = YES;
				CLANG_WARN_INT_CONVERSION = YES;
				CLANG_WARN_NON_LITERAL_NULL_CONVERSION = YES;
				CLANG_WARN_OBJC_IMPLICIT_RETAIN_SELF = YES;
				CLANG_WARN_OBJC_LITERAL_CONVERSION = YES;
				CLANG_WARN_RANGE_LOOP_ANALYSIS = YES;
				CLANG_WARN_STRICT_PROTOTYPES = YES;
				CLANG_WARN_SUSPICIOUS_MOVE = YES;
				CLANG_WARN_UNREACHABLE_CODE = YES;
				CLANG_WARN__DUPLICATE_METHOD_MATCH = YES;
				ENABLE_STRICT_OBJC_MSGSEND = YES;
				ENABLE_TESTABILITY = YES;
				GCC_C_LANGUAGE_STANDARD = gnu99;
				GCC_NO_COMMON_BLOCKS = YES;
				GCC_OPTIMIZATION_LEVEL = 0;
				GCC_WARN_64_TO_32_BIT_CONVERSION = YES;
				GCC_WARN_ABOUT_RETURN_TYPE = YES;
				GCC_WARN_UNDECLARED_SELECTOR = YES;
				GCC_WARN_UNINITIALIZED_AUTOS = YES;
				GCC_WARN_UNUSED_FUNCTION = YES;
				GCC_WARN_UNUSED_VARIABLE = YES;
				IPHONEOS_DEPLOYMENT_TARGET = 11.0;
				MACOSX_DEPLOYMENT_TARGET = 10.10;
				ONLY_ACTIVE_ARCH = YES;
				OTHER_LDFLAGS = "-licucore";
				SDKROOT = macosx;
			};
			name = Debug;
		};
		C01FCF5008A954540054247B /* Release */ = {
			isa = XCBuildConfiguration;
			buildSettings = {
				CLANG_ANALYZER_LOCALIZABILITY_NONLOCALIZED = YES;
				CLANG_WARN_BLOCK_CAPTURE_AUTORELEASING = YES;
				CLANG_WARN_BOOL_CONVERSION = YES;
				CLANG_WARN_COMMA = YES;
				CLANG_WARN_CONSTANT_CONVERSION = YES;
				CLANG_WARN_DEPRECATED_OBJC_IMPLEMENTATIONS = YES;
				CLANG_WARN_EMPTY_BODY = YES;
				CLANG_WARN_ENUM_CONVERSION = YES;
				CLANG_WARN_INFINITE_RECURSION = YES;
				CLANG_WARN_INT_CONVERSION = YES;
				CLANG_WARN_NON_LITERAL_NULL_CONVERSION = YES;
				CLANG_WARN_OBJC_IMPLICIT_RETAIN_SELF = YES;
				CLANG_WARN_OBJC_LITERAL_CONVERSION = YES;
				CLANG_WARN_RANGE_LOOP_ANALYSIS = YES;
				CLANG_WARN_STRICT_PROTOTYPES = YES;
				CLANG_WARN_SUSPICIOUS_MOVE = YES;
				CLANG_WARN_UNREACHABLE_CODE = YES;
				CLANG_WARN__DUPLICATE_METHOD_MATCH = YES;
				ENABLE_STRICT_OBJC_MSGSEND = YES;
				GCC_C_LANGUAGE_STANDARD = gnu99;
				GCC_NO_COMMON_BLOCKS = YES;
				GCC_WARN_64_TO_32_BIT_CONVERSION = YES;
				GCC_WARN_ABOUT_RETURN_TYPE = YES;
				GCC_WARN_UNDECLARED_SELECTOR = YES;
				GCC_WARN_UNINITIALIZED_AUTOS = YES;
				GCC_WARN_UNUSED_FUNCTION = YES;
				GCC_WARN_UNUSED_VARIABLE = YES;
				IPHONEOS_DEPLOYMENT_TARGET = 11.0;
				MACOSX_DEPLOYMENT_TARGET = 10.10;
				OTHER_LDFLAGS = "-licucore";
				SDKROOT = macosx;
				SWIFT_OPTIMIZATION_LEVEL = "-Owholemodule";
			};
			name = Release;
		};
/* End XCBuildConfiguration section */

/* Begin XCConfigurationList section */
		224E9CBB219814FB00632F43 /* Build configuration list for PBXNativeTarget "Q3ServerBrowser-iOS" */ = {
			isa = XCConfigurationList;
			buildConfigurations = (
				224E9CB7219814FB00632F43 /* Debug */,
				224E9CB8219814FB00632F43 /* Release */,
			);
			defaultConfigurationIsVisible = 0;
			defaultConfigurationName = Release;
		};
		224E9CE321981AA900632F43 /* Build configuration list for PBXNativeTarget "SQL-iOS" */ = {
			isa = XCConfigurationList;
			buildConfigurations = (
				224E9CE421981AA900632F43 /* Debug */,
				224E9CE521981AA900632F43 /* Release */,
			);
			defaultConfigurationIsVisible = 0;
			defaultConfigurationName = Release;
		};
		2278E82420BC28FB005E72A3 /* Build configuration list for PBXNativeTarget "SQL-Mac" */ = {
			isa = XCConfigurationList;
			buildConfigurations = (
				2278E82520BC28FB005E72A3 /* Debug */,
				2278E82620BC28FB005E72A3 /* Release */,
			);
			defaultConfigurationIsVisible = 0;
			defaultConfigurationName = Release;
		};
		A24F12DE21D6234400FA2A6A /* Build configuration list for PBXNativeTarget "SQL_Mac_Tests" */ = {
			isa = XCConfigurationList;
			buildConfigurations = (
				A24F12DC21D6234400FA2A6A /* Debug */,
				A24F12DD21D6234400FA2A6A /* Release */,
			);
			defaultConfigurationIsVisible = 0;
			defaultConfigurationName = Release;
		};
		C01FCF4A08A954540054247B /* Build configuration list for PBXNativeTarget "Q3ServerBrowser" */ = {
			isa = XCConfigurationList;
			buildConfigurations = (
				C01FCF4B08A954540054247B /* Debug */,
				C01FCF4C08A954540054247B /* Release */,
			);
			defaultConfigurationIsVisible = 0;
			defaultConfigurationName = Release;
		};
		C01FCF4E08A954540054247B /* Build configuration list for PBXProject "Q3ServerBrowser" */ = {
			isa = XCConfigurationList;
			buildConfigurations = (
				C01FCF4F08A954540054247B /* Debug */,
				C01FCF5008A954540054247B /* Release */,
			);
			defaultConfigurationIsVisible = 0;
			defaultConfigurationName = Release;
		};
/* End XCConfigurationList section */
	};
	rootObject = 29B97313FDCFA39411CA2CEA /* Project object */;
}
