// !$*UTF8*$!
{
	archiveVersion = 1;
	classes = {
	};
	objectVersion = 46;
	objects = {

/* Begin PBXBuildFile section */
		220FEABA20CA8D0600A63F14 /* MainWindowController.swift in Sources */ = {isa = PBXBuildFile; fileRef = 220FEAB920CA8D0600A63F14 /* MainWindowController.swift */; };
		220FEABC20CA8FAF00A63F14 /* TopSplitViewController.swift in Sources */ = {isa = PBXBuildFile; fileRef = 220FEABB20CA8FAF00A63F14 /* TopSplitViewController.swift */; };
		220FEABE20CA8FD000A63F14 /* ServersViewController.swift in Sources */ = {isa = PBXBuildFile; fileRef = 220FEABD20CA8FD000A63F14 /* ServersViewController.swift */; };
		220FEAC020CA8FDF00A63F14 /* ServerStatusSplitViewController.swift in Sources */ = {isa = PBXBuildFile; fileRef = 220FEABF20CA8FDF00A63F14 /* ServerStatusSplitViewController.swift */; };
		220FEAC220CA8FEC00A63F14 /* ServerRulesViewController.swift in Sources */ = {isa = PBXBuildFile; fileRef = 220FEAC120CA8FEC00A63F14 /* ServerRulesViewController.swift */; };
		220FEAC420CA8FFA00A63F14 /* PlayersViewController.swift in Sources */ = {isa = PBXBuildFile; fileRef = 220FEAC320CA8FFA00A63F14 /* PlayersViewController.swift */; };
		220FEAD720CAB90200A63F14 /* SQLError.swift in Sources */ = {isa = PBXBuildFile; fileRef = 220FEAD620CAB90200A63F14 /* SQLError.swift */; };
		220FEAD920CAB9C300A63F14 /* SupportedGames.swift in Sources */ = {isa = PBXBuildFile; fileRef = 220FEAD820CAB9C300A63F14 /* SupportedGames.swift */; };
		220FEADB20CABA3300A63F14 /* Coordinator.swift in Sources */ = {isa = PBXBuildFile; fileRef = 220FEADA20CABA3300A63F14 /* Coordinator.swift */; };
		222693FC213D8939002F1E13 /* Settings.swift in Sources */ = {isa = PBXBuildFile; fileRef = 222693FB213D8939002F1E13 /* Settings.swift */; };
		2229F6AF20C6C94200E87840 /* Colors.xcassets in Resources */ = {isa = PBXBuildFile; fileRef = 2229F6A720C6C94200E87840 /* Colors.xcassets */; };
		2229F6B020C6C94200E87840 /* Localizable.strings in Resources */ = {isa = PBXBuildFile; fileRef = 2229F6A820C6C94200E87840 /* Localizable.strings */; };
		2229F6B320C6C94200E87840 /* Images.xcassets in Resources */ = {isa = PBXBuildFile; fileRef = 2229F6AE20C6C94200E87840 /* Images.xcassets */; };
		2229F6E420C6D6CA00E87840 /* Main.storyboard in Resources */ = {isa = PBXBuildFile; fileRef = 2229F6E320C6D6CA00E87840 /* Main.storyboard */; };
		226E186920D5158700F8F9CA /* LogsWindowController.swift in Sources */ = {isa = PBXBuildFile; fileRef = 226E186820D5158700F8F9CA /* LogsWindowController.swift */; };
		226E186B20D5214800F8F9CA /* LogsViewController.swift in Sources */ = {isa = PBXBuildFile; fileRef = 226E186A20D5214800F8F9CA /* LogsViewController.swift */; };
		2278E82220BC28FB005E72A3 /* SQL.framework in Frameworks */ = {isa = PBXBuildFile; fileRef = 2278E80D20BC28FA005E72A3 /* SQL.framework */; };
		2278E83820BC2A54005E72A3 /* Parsable.swift in Sources */ = {isa = PBXBuildFile; fileRef = 2278E83720BC2A54005E72A3 /* Parsable.swift */; };
		2278E83B20BC2AF8005E72A3 /* Player.swift in Sources */ = {isa = PBXBuildFile; fileRef = 2278E83920BC2AF7005E72A3 /* Player.swift */; };
		2278E83C20BC2AF8005E72A3 /* Server.swift in Sources */ = {isa = PBXBuildFile; fileRef = 2278E83A20BC2AF7005E72A3 /* Server.swift */; };
		2278E83D20BC2C65005E72A3 /* CocoaAsyncSocket.framework in Frameworks */ = {isa = PBXBuildFile; fileRef = A291E8291F10475E00BF5EB1 /* CocoaAsyncSocket.framework */; };
		2278E84120BC3406005E72A3 /* SQL.framework in Embed Frameworks */ = {isa = PBXBuildFile; fileRef = 2278E80D20BC28FA005E72A3 /* SQL.framework */; settings = {ATTRIBUTES = (CodeSignOnCopy, RemoveHeadersOnCopy, ); }; };
		2278E84220BC343C005E72A3 /* CocoaAsyncSocket.framework in Embed Frameworks */ = {isa = PBXBuildFile; fileRef = A291E8291F10475E00BF5EB1 /* CocoaAsyncSocket.framework */; settings = {ATTRIBUTES = (CodeSignOnCopy, RemoveHeadersOnCopy, ); }; };
		22C9C11120ECFD9200F7CEC1 /* Q3Coordinator.swift in Sources */ = {isa = PBXBuildFile; fileRef = 22C9C10620ECFD9100F7CEC1 /* Q3Coordinator.swift */; };
		22C9C11220ECFD9200F7CEC1 /* Q3Server.swift in Sources */ = {isa = PBXBuildFile; fileRef = 22C9C10720ECFD9200F7CEC1 /* Q3Server.swift */; };
		22C9C11320ECFD9200F7CEC1 /* Q3ServerController.swift in Sources */ = {isa = PBXBuildFile; fileRef = 22C9C10820ECFD9200F7CEC1 /* Q3ServerController.swift */; };
		22C9C11420ECFD9200F7CEC1 /* Q3Player.swift in Sources */ = {isa = PBXBuildFile; fileRef = 22C9C10920ECFD9200F7CEC1 /* Q3Player.swift */; };
		22C9C11520ECFD9200F7CEC1 /* Q3Parser.swift in Sources */ = {isa = PBXBuildFile; fileRef = 22C9C10A20ECFD9200F7CEC1 /* Q3Parser.swift */; };
		22C9C11620ECFD9200F7CEC1 /* Q3Operation.swift in Sources */ = {isa = PBXBuildFile; fileRef = 22C9C10B20ECFD9200F7CEC1 /* Q3Operation.swift */; };
		22C9C11720ECFD9200F7CEC1 /* Q3MasterServerController.swift in Sources */ = {isa = PBXBuildFile; fileRef = 22C9C10C20ECFD9200F7CEC1 /* Q3MasterServerController.swift */; };
		22C9C11820ECFD9200F7CEC1 /* String+Q3Name.swift in Sources */ = {isa = PBXBuildFile; fileRef = 22C9C10E20ECFD9200F7CEC1 /* String+Q3Name.swift */; };
		22C9C11A20ECFDC000F7CEC1 /* MasterServerController.swift in Sources */ = {isa = PBXBuildFile; fileRef = 22C9C11920ECFDC000F7CEC1 /* MasterServerController.swift */; };
		22C9C11E20ED006C00F7CEC1 /* ServerController.swift in Sources */ = {isa = PBXBuildFile; fileRef = 22C9C11D20ED006C00F7CEC1 /* ServerController.swift */; };
		22C9C12020ED017900F7CEC1 /* QueryOperation.swift in Sources */ = {isa = PBXBuildFile; fileRef = 22C9C11F20ED017900F7CEC1 /* QueryOperation.swift */; };
		22CCE7E720DA906B0014902A /* NSWindowController+Alert.swift in Sources */ = {isa = PBXBuildFile; fileRef = 22CCE7E620DA906B0014902A /* NSWindowController+Alert.swift */; };
		8D11072F0486CEB800E47090 /* Cocoa.framework in Frameworks */ = {isa = PBXBuildFile; fileRef = 1058C7A1FEA54F0111CA2CBB /* Cocoa.framework */; };
		A2359FA71F10427A00498384 /* AppDelegate.swift in Sources */ = {isa = PBXBuildFile; fileRef = A2359F7D1F10427A00498384 /* AppDelegate.swift */; };
		A2359FB01F10427A00498384 /* Game.swift in Sources */ = {isa = PBXBuildFile; fileRef = A2359F8F1F10427A00498384 /* Game.swift */; };
		A2DD85191F1B5B7700C1AF9B /* Utilities.swift in Sources */ = {isa = PBXBuildFile; fileRef = A2DD85181F1B5B7700C1AF9B /* Utilities.swift */; };
/* End PBXBuildFile section */

/* Begin PBXContainerItemProxy section */
		2278E82020BC28FB005E72A3 /* PBXContainerItemProxy */ = {
			isa = PBXContainerItemProxy;
			containerPortal = 29B97313FDCFA39411CA2CEA /* Project object */;
			proxyType = 1;
			remoteGlobalIDString = 2278E80C20BC28FA005E72A3;
			remoteInfo = SQL;
		};
/* End PBXContainerItemProxy section */

/* Begin PBXCopyFilesBuildPhase section */
		A291E82F1F1219DF00BF5EB1 /* Embed Frameworks */ = {
			isa = PBXCopyFilesBuildPhase;
			buildActionMask = 2147483647;
			dstPath = "";
			dstSubfolderSpec = 10;
			files = (
				2278E84120BC3406005E72A3 /* SQL.framework in Embed Frameworks */,
				2278E84220BC343C005E72A3 /* CocoaAsyncSocket.framework in Embed Frameworks */,
			);
			name = "Embed Frameworks";
			runOnlyForDeploymentPostprocessing = 0;
		};
/* End PBXCopyFilesBuildPhase section */

/* Begin PBXFileReference section */
		1058C7A1FEA54F0111CA2CBB /* Cocoa.framework */ = {isa = PBXFileReference; lastKnownFileType = wrapper.framework; name = Cocoa.framework; path = /System/Library/Frameworks/Cocoa.framework; sourceTree = "<absolute>"; };
		220FEAB920CA8D0600A63F14 /* MainWindowController.swift */ = {isa = PBXFileReference; lastKnownFileType = sourcecode.swift; path = MainWindowController.swift; sourceTree = "<group>"; };
		220FEABB20CA8FAF00A63F14 /* TopSplitViewController.swift */ = {isa = PBXFileReference; lastKnownFileType = sourcecode.swift; path = TopSplitViewController.swift; sourceTree = "<group>"; };
		220FEABD20CA8FD000A63F14 /* ServersViewController.swift */ = {isa = PBXFileReference; lastKnownFileType = sourcecode.swift; path = ServersViewController.swift; sourceTree = "<group>"; };
		220FEABF20CA8FDF00A63F14 /* ServerStatusSplitViewController.swift */ = {isa = PBXFileReference; lastKnownFileType = sourcecode.swift; path = ServerStatusSplitViewController.swift; sourceTree = "<group>"; };
		220FEAC120CA8FEC00A63F14 /* ServerRulesViewController.swift */ = {isa = PBXFileReference; lastKnownFileType = sourcecode.swift; path = ServerRulesViewController.swift; sourceTree = "<group>"; };
		220FEAC320CA8FFA00A63F14 /* PlayersViewController.swift */ = {isa = PBXFileReference; lastKnownFileType = sourcecode.swift; path = PlayersViewController.swift; sourceTree = "<group>"; };
		220FEAD620CAB90200A63F14 /* SQLError.swift */ = {isa = PBXFileReference; lastKnownFileType = sourcecode.swift; path = SQLError.swift; sourceTree = "<group>"; };
		220FEAD820CAB9C300A63F14 /* SupportedGames.swift */ = {isa = PBXFileReference; lastKnownFileType = sourcecode.swift; path = SupportedGames.swift; sourceTree = "<group>"; };
		220FEADA20CABA3300A63F14 /* Coordinator.swift */ = {isa = PBXFileReference; lastKnownFileType = sourcecode.swift; path = Coordinator.swift; sourceTree = "<group>"; };
		222693FB213D8939002F1E13 /* Settings.swift */ = {isa = PBXFileReference; lastKnownFileType = sourcecode.swift; path = Settings.swift; sourceTree = "<group>"; };
		2229F6A720C6C94200E87840 /* Colors.xcassets */ = {isa = PBXFileReference; lastKnownFileType = folder.assetcatalog; path = Colors.xcassets; sourceTree = "<group>"; };
		2229F6A920C6C94200E87840 /* en */ = {isa = PBXFileReference; lastKnownFileType = text.plist.strings; name = en; path = en.lproj/Localizable.strings; sourceTree = "<group>"; };
		2229F6AA20C6C94200E87840 /* Base */ = {isa = PBXFileReference; lastKnownFileType = text.plist.strings; name = Base; path = Base.lproj/Localizable.strings; sourceTree = "<group>"; };
		2229F6AD20C6C94200E87840 /* Q3ServerBrowser-Info.plist */ = {isa = PBXFileReference; fileEncoding = 4; lastKnownFileType = text.plist.xml; path = "Q3ServerBrowser-Info.plist"; sourceTree = "<group>"; };
		2229F6AE20C6C94200E87840 /* Images.xcassets */ = {isa = PBXFileReference; lastKnownFileType = folder.assetcatalog; path = Images.xcassets; sourceTree = "<group>"; };
		2229F6E320C6D6CA00E87840 /* Main.storyboard */ = {isa = PBXFileReference; fileEncoding = 4; lastKnownFileType = file.storyboard; path = Main.storyboard; sourceTree = "<group>"; };
		226E186820D5158700F8F9CA /* LogsWindowController.swift */ = {isa = PBXFileReference; lastKnownFileType = sourcecode.swift; path = LogsWindowController.swift; sourceTree = "<group>"; };
		226E186A20D5214800F8F9CA /* LogsViewController.swift */ = {isa = PBXFileReference; lastKnownFileType = sourcecode.swift; path = LogsViewController.swift; sourceTree = "<group>"; };
		2278E80D20BC28FA005E72A3 /* SQL.framework */ = {isa = PBXFileReference; explicitFileType = wrapper.framework; includeInIndex = 0; path = SQL.framework; sourceTree = BUILT_PRODUCTS_DIR; };
		2278E81020BC28FA005E72A3 /* Info.plist */ = {isa = PBXFileReference; lastKnownFileType = text.plist.xml; path = Info.plist; sourceTree = "<group>"; };
		2278E81E20BC28FB005E72A3 /* Info.plist */ = {isa = PBXFileReference; lastKnownFileType = text.plist.xml; path = Info.plist; sourceTree = "<group>"; };
		2278E83720BC2A54005E72A3 /* Parsable.swift */ = {isa = PBXFileReference; lastKnownFileType = sourcecode.swift; path = Parsable.swift; sourceTree = "<group>"; };
		2278E83920BC2AF7005E72A3 /* Player.swift */ = {isa = PBXFileReference; fileEncoding = 4; lastKnownFileType = sourcecode.swift; path = Player.swift; sourceTree = "<group>"; };
		2278E83A20BC2AF7005E72A3 /* Server.swift */ = {isa = PBXFileReference; fileEncoding = 4; lastKnownFileType = sourcecode.swift; path = Server.swift; sourceTree = "<group>"; };
		22C9C10620ECFD9100F7CEC1 /* Q3Coordinator.swift */ = {isa = PBXFileReference; fileEncoding = 4; lastKnownFileType = sourcecode.swift; path = Q3Coordinator.swift; sourceTree = "<group>"; };
		22C9C10720ECFD9200F7CEC1 /* Q3Server.swift */ = {isa = PBXFileReference; fileEncoding = 4; lastKnownFileType = sourcecode.swift; path = Q3Server.swift; sourceTree = "<group>"; };
		22C9C10820ECFD9200F7CEC1 /* Q3ServerController.swift */ = {isa = PBXFileReference; fileEncoding = 4; lastKnownFileType = sourcecode.swift; path = Q3ServerController.swift; sourceTree = "<group>"; };
		22C9C10920ECFD9200F7CEC1 /* Q3Player.swift */ = {isa = PBXFileReference; fileEncoding = 4; lastKnownFileType = sourcecode.swift; path = Q3Player.swift; sourceTree = "<group>"; };
		22C9C10A20ECFD9200F7CEC1 /* Q3Parser.swift */ = {isa = PBXFileReference; fileEncoding = 4; lastKnownFileType = sourcecode.swift; path = Q3Parser.swift; sourceTree = "<group>"; };
		22C9C10B20ECFD9200F7CEC1 /* Q3Operation.swift */ = {isa = PBXFileReference; fileEncoding = 4; lastKnownFileType = sourcecode.swift; path = Q3Operation.swift; sourceTree = "<group>"; };
		22C9C10C20ECFD9200F7CEC1 /* Q3MasterServerController.swift */ = {isa = PBXFileReference; fileEncoding = 4; lastKnownFileType = sourcecode.swift; path = Q3MasterServerController.swift; sourceTree = "<group>"; };
		22C9C10E20ECFD9200F7CEC1 /* String+Q3Name.swift */ = {isa = PBXFileReference; fileEncoding = 4; lastKnownFileType = sourcecode.swift; path = "String+Q3Name.swift"; sourceTree = "<group>"; };
		22C9C11920ECFDC000F7CEC1 /* MasterServerController.swift */ = {isa = PBXFileReference; lastKnownFileType = sourcecode.swift; path = MasterServerController.swift; sourceTree = "<group>"; };
		22C9C11D20ED006C00F7CEC1 /* ServerController.swift */ = {isa = PBXFileReference; lastKnownFileType = sourcecode.swift; path = ServerController.swift; sourceTree = "<group>"; };
		22C9C11F20ED017900F7CEC1 /* QueryOperation.swift */ = {isa = PBXFileReference; lastKnownFileType = sourcecode.swift; path = QueryOperation.swift; sourceTree = "<group>"; };
		22CCE7E620DA906B0014902A /* NSWindowController+Alert.swift */ = {isa = PBXFileReference; lastKnownFileType = sourcecode.swift; path = "NSWindowController+Alert.swift"; sourceTree = "<group>"; };
		29B97324FDCFA39411CA2CEA /* AppKit.framework */ = {isa = PBXFileReference; lastKnownFileType = wrapper.framework; name = AppKit.framework; path = /System/Library/Frameworks/AppKit.framework; sourceTree = "<absolute>"; };
		29B97325FDCFA39411CA2CEA /* Foundation.framework */ = {isa = PBXFileReference; lastKnownFileType = wrapper.framework; name = Foundation.framework; path = /System/Library/Frameworks/Foundation.framework; sourceTree = "<absolute>"; };
		8D1107320486CEB800E47090 /* Q3ServerBrowser.app */ = {isa = PBXFileReference; explicitFileType = wrapper.application; includeInIndex = 0; path = Q3ServerBrowser.app; sourceTree = BUILT_PRODUCTS_DIR; };
		A2359F7D1F10427A00498384 /* AppDelegate.swift */ = {isa = PBXFileReference; fileEncoding = 4; lastKnownFileType = sourcecode.swift; path = AppDelegate.swift; sourceTree = "<group>"; };
		A2359F8F1F10427A00498384 /* Game.swift */ = {isa = PBXFileReference; fileEncoding = 4; lastKnownFileType = sourcecode.swift; path = Game.swift; sourceTree = "<group>"; };
		A291E8291F10475E00BF5EB1 /* CocoaAsyncSocket.framework */ = {isa = PBXFileReference; lastKnownFileType = wrapper.framework; path = CocoaAsyncSocket.framework; sourceTree = "<group>"; };
		A2DD85181F1B5B7700C1AF9B /* Utilities.swift */ = {isa = PBXFileReference; fileEncoding = 4; lastKnownFileType = sourcecode.swift; path = Utilities.swift; sourceTree = "<group>"; };
/* End PBXFileReference section */

/* Begin PBXFrameworksBuildPhase section */
		2278E80920BC28FA005E72A3 /* Frameworks */ = {
			isa = PBXFrameworksBuildPhase;
			buildActionMask = 2147483647;
			files = (
				2278E83D20BC2C65005E72A3 /* CocoaAsyncSocket.framework in Frameworks */,
			);
			runOnlyForDeploymentPostprocessing = 0;
		};
		8D11072E0486CEB800E47090 /* Frameworks */ = {
			isa = PBXFrameworksBuildPhase;
			buildActionMask = 2147483647;
			files = (
				2278E82220BC28FB005E72A3 /* SQL.framework in Frameworks */,
				8D11072F0486CEB800E47090 /* Cocoa.framework in Frameworks */,
			);
			runOnlyForDeploymentPostprocessing = 0;
		};
/* End PBXFrameworksBuildPhase section */

/* Begin PBXGroup section */
		19C28FACFE9D520D11CA2CBB /* Products */ = {
			isa = PBXGroup;
			children = (
				8D1107320486CEB800E47090 /* Q3ServerBrowser.app */,
				2278E80D20BC28FA005E72A3 /* SQL.framework */,
			);
			name = Products;
			sourceTree = "<group>";
		};
		222693FA213D892C002F1E13 /* Store */ = {
			isa = PBXGroup;
			children = (
				222693FB213D8939002F1E13 /* Settings.swift */,
			);
			path = Store;
			sourceTree = "<group>";
		};
		2229F6A620C6C94200E87840 /* Resources */ = {
			isa = PBXGroup;
			children = (
				2229F6A720C6C94200E87840 /* Colors.xcassets */,
				2229F6A820C6C94200E87840 /* Localizable.strings */,
				2229F6AD20C6C94200E87840 /* Q3ServerBrowser-Info.plist */,
				2229F6AE20C6C94200E87840 /* Images.xcassets */,
				2229F6E320C6D6CA00E87840 /* Main.storyboard */,
			);
			path = Resources;
			sourceTree = "<group>";
		};
		2278E80E20BC28FA005E72A3 /* SQL */ = {
			isa = PBXGroup;
			children = (
				2278E81020BC28FA005E72A3 /* Info.plist */,
				22C9C0FE20ECFD9100F7CEC1 /* Internals */,
				2278E83A20BC2AF7005E72A3 /* Server.swift */,
				2278E83920BC2AF7005E72A3 /* Player.swift */,
				2278E83720BC2A54005E72A3 /* Parsable.swift */,
				220FEAD620CAB90200A63F14 /* SQLError.swift */,
				220FEAD820CAB9C300A63F14 /* SupportedGames.swift */,
				220FEADA20CABA3300A63F14 /* Coordinator.swift */,
			);
			path = SQL;
			sourceTree = "<group>";
		};
		2278E81B20BC28FB005E72A3 /* SQLTests */ = {
			isa = PBXGroup;
			children = (
				2278E81E20BC28FB005E72A3 /* Info.plist */,
			);
			path = SQLTests;
			sourceTree = "<group>";
		};
		22C9C0FE20ECFD9100F7CEC1 /* Internals */ = {
			isa = PBXGroup;
			children = (
				22C9C0FF20ECFD9100F7CEC1 /* GameProtocols */,
				22C9C10D20ECFD9200F7CEC1 /* Utilities */,
				22C9C11920ECFDC000F7CEC1 /* MasterServerController.swift */,
				22C9C11D20ED006C00F7CEC1 /* ServerController.swift */,
				22C9C11F20ED017900F7CEC1 /* QueryOperation.swift */,
			);
			path = Internals;
			sourceTree = "<group>";
		};
		22C9C0FF20ECFD9100F7CEC1 /* GameProtocols */ = {
			isa = PBXGroup;
			children = (
				22C9C10420ECFD9100F7CEC1 /* Quake3 */,
			);
			path = GameProtocols;
			sourceTree = "<group>";
		};
		22C9C10420ECFD9100F7CEC1 /* Quake3 */ = {
			isa = PBXGroup;
			children = (
				22C9C10520ECFD9100F7CEC1 /* Coordinator */,
				22C9C10720ECFD9200F7CEC1 /* Q3Server.swift */,
				22C9C10820ECFD9200F7CEC1 /* Q3ServerController.swift */,
				22C9C10920ECFD9200F7CEC1 /* Q3Player.swift */,
				22C9C10A20ECFD9200F7CEC1 /* Q3Parser.swift */,
				22C9C10B20ECFD9200F7CEC1 /* Q3Operation.swift */,
				22C9C10C20ECFD9200F7CEC1 /* Q3MasterServerController.swift */,
			);
			path = Quake3;
			sourceTree = "<group>";
		};
		22C9C10520ECFD9100F7CEC1 /* Coordinator */ = {
			isa = PBXGroup;
			children = (
				22C9C10620ECFD9100F7CEC1 /* Q3Coordinator.swift */,
			);
			path = Coordinator;
			sourceTree = "<group>";
		};
		22C9C10D20ECFD9200F7CEC1 /* Utilities */ = {
			isa = PBXGroup;
			children = (
				22C9C10E20ECFD9200F7CEC1 /* String+Q3Name.swift */,
			);
			path = Utilities;
			sourceTree = "<group>";
		};
		29B97314FDCFA39411CA2CEA /* GameServerBrowser */ = {
			isa = PBXGroup;
			children = (
				A2359F7C1F10427A00498384 /* Q3ServerBrowser */,
				2278E80E20BC28FA005E72A3 /* SQL */,
				2278E81B20BC28FB005E72A3 /* SQLTests */,
				29B97323FDCFA39411CA2CEA /* Frameworks */,
				19C28FACFE9D520D11CA2CBB /* Products */,
			);
			name = GameServerBrowser;
			sourceTree = "<group>";
		};
		29B97323FDCFA39411CA2CEA /* Frameworks */ = {
			isa = PBXGroup;
			children = (
				A291E8281F10475100BF5EB1 /* ThirdParty */,
				29B97324FDCFA39411CA2CEA /* AppKit.framework */,
				1058C7A1FEA54F0111CA2CBB /* Cocoa.framework */,
				29B97325FDCFA39411CA2CEA /* Foundation.framework */,
			);
			name = Frameworks;
			sourceTree = "<group>";
		};
		A2359F7C1F10427A00498384 /* Q3ServerBrowser */ = {
			isa = PBXGroup;
			children = (
				A2359F7D1F10427A00498384 /* AppDelegate.swift */,
				A2359F7E1F10427A00498384 /* Classes */,
				2229F6A620C6C94200E87840 /* Resources */,
			);
			path = Q3ServerBrowser;
			sourceTree = "<group>";
		};
		A2359F7E1F10427A00498384 /* Classes */ = {
			isa = PBXGroup;
			children = (
				222693FA213D892C002F1E13 /* Store */,
				A2359F8E1F10427A00498384 /* Model */,
				A2359F9F1F10427A00498384 /* ViewController */,
				A2DD85181F1B5B7700C1AF9B /* Utilities.swift */,
				220FEAB920CA8D0600A63F14 /* MainWindowController.swift */,
				226E186820D5158700F8F9CA /* LogsWindowController.swift */,
				22CCE7E620DA906B0014902A /* NSWindowController+Alert.swift */,
			);
			path = Classes;
			sourceTree = "<group>";
		};
		A2359F8E1F10427A00498384 /* Model */ = {
			isa = PBXGroup;
			children = (
				A2359F8F1F10427A00498384 /* Game.swift */,
			);
			path = Model;
			sourceTree = "<group>";
		};
		A2359F9F1F10427A00498384 /* ViewController */ = {
			isa = PBXGroup;
			children = (
				220FEABB20CA8FAF00A63F14 /* TopSplitViewController.swift */,
				220FEABD20CA8FD000A63F14 /* ServersViewController.swift */,
				220FEABF20CA8FDF00A63F14 /* ServerStatusSplitViewController.swift */,
				220FEAC120CA8FEC00A63F14 /* ServerRulesViewController.swift */,
				220FEAC320CA8FFA00A63F14 /* PlayersViewController.swift */,
				226E186A20D5214800F8F9CA /* LogsViewController.swift */,
			);
			path = ViewController;
			sourceTree = "<group>";
		};
		A291E8281F10475100BF5EB1 /* ThirdParty */ = {
			isa = PBXGroup;
			children = (
				A291E8291F10475E00BF5EB1 /* CocoaAsyncSocket.framework */,
			);
			path = ThirdParty;
			sourceTree = "<group>";
		};
/* End PBXGroup section */

/* Begin PBXHeadersBuildPhase section */
		2278E80A20BC28FA005E72A3 /* Headers */ = {
			isa = PBXHeadersBuildPhase;
			buildActionMask = 2147483647;
			files = (
			);
			runOnlyForDeploymentPostprocessing = 0;
		};
/* End PBXHeadersBuildPhase section */

/* Begin PBXNativeTarget section */
		2278E80C20BC28FA005E72A3 /* SQL */ = {
			isa = PBXNativeTarget;
			buildConfigurationList = 2278E82420BC28FB005E72A3 /* Build configuration list for PBXNativeTarget "SQL" */;
			buildPhases = (
				2278E80820BC28FA005E72A3 /* Sources */,
				2278E80920BC28FA005E72A3 /* Frameworks */,
				2278E80A20BC28FA005E72A3 /* Headers */,
				2278E80B20BC28FA005E72A3 /* Resources */,
			);
			buildRules = (
			);
			dependencies = (
			);
			name = SQL;
			productName = SQL;
			productReference = 2278E80D20BC28FA005E72A3 /* SQL.framework */;
			productType = "com.apple.product-type.framework";
		};
		8D1107260486CEB800E47090 /* Q3ServerBrowser */ = {
			isa = PBXNativeTarget;
			buildConfigurationList = C01FCF4A08A954540054247B /* Build configuration list for PBXNativeTarget "Q3ServerBrowser" */;
			buildPhases = (
				8D1107290486CEB800E47090 /* Resources */,
				8D11072C0486CEB800E47090 /* Sources */,
				8D11072E0486CEB800E47090 /* Frameworks */,
				A291E82F1F1219DF00BF5EB1 /* Embed Frameworks */,
			);
			buildRules = (
			);
			dependencies = (
				2278E82120BC28FB005E72A3 /* PBXTargetDependency */,
			);
			name = Q3ServerBrowser;
			productInstallPath = "$(HOME)/Applications";
			productName = GameServerBrowser;
			productReference = 8D1107320486CEB800E47090 /* Q3ServerBrowser.app */;
			productType = "com.apple.product-type.application";
		};
/* End PBXNativeTarget section */

/* Begin PBXProject section */
		29B97313FDCFA39411CA2CEA /* Project object */ = {
			isa = PBXProject;
			attributes = {
				LastSwiftUpdateCheck = 0930;
				LastUpgradeCheck = 0940;
				TargetAttributes = {
					2278E80C20BC28FA005E72A3 = {
						CreatedOnToolsVersion = 9.3.1;
						DevelopmentTeam = WL8LT3PQLC;
						LastSwiftMigration = 1000;
						ProvisioningStyle = Automatic;
					};
					8D1107260486CEB800E47090 = {
						DevelopmentTeam = WL8LT3PQLC;
						LastSwiftMigration = 1000;
						ProvisioningStyle = Automatic;
					};
				};
			};
			buildConfigurationList = C01FCF4E08A954540054247B /* Build configuration list for PBXProject "Q3ServerBrowser" */;
			compatibilityVersion = "Xcode 3.2";
			developmentRegion = English;
			hasScannedForEncodings = 1;
			knownRegions = (
				English,
				Japanese,
				French,
				German,
				Base,
				en,
			);
			mainGroup = 29B97314FDCFA39411CA2CEA /* GameServerBrowser */;
			productRefGroup = 19C28FACFE9D520D11CA2CBB /* Products */;
			projectDirPath = "";
			projectRoot = "";
			targets = (
				8D1107260486CEB800E47090 /* Q3ServerBrowser */,
				2278E80C20BC28FA005E72A3 /* SQL */,
			);
		};
/* End PBXProject section */

/* Begin PBXResourcesBuildPhase section */
		2278E80B20BC28FA005E72A3 /* Resources */ = {
			isa = PBXResourcesBuildPhase;
			buildActionMask = 2147483647;
			files = (
			);
			runOnlyForDeploymentPostprocessing = 0;
		};
		8D1107290486CEB800E47090 /* Resources */ = {
			isa = PBXResourcesBuildPhase;
			buildActionMask = 2147483647;
			files = (
				2229F6B320C6C94200E87840 /* Images.xcassets in Resources */,
				2229F6E420C6D6CA00E87840 /* Main.storyboard in Resources */,
				2229F6AF20C6C94200E87840 /* Colors.xcassets in Resources */,
				2229F6B020C6C94200E87840 /* Localizable.strings in Resources */,
			);
			runOnlyForDeploymentPostprocessing = 0;
		};
/* End PBXResourcesBuildPhase section */

/* Begin PBXSourcesBuildPhase section */
		2278E80820BC28FA005E72A3 /* Sources */ = {
			isa = PBXSourcesBuildPhase;
			buildActionMask = 2147483647;
			files = (
				220FEAD920CAB9C300A63F14 /* SupportedGames.swift in Sources */,
				22C9C12020ED017900F7CEC1 /* QueryOperation.swift in Sources */,
				22C9C11220ECFD9200F7CEC1 /* Q3Server.swift in Sources */,
				22C9C11620ECFD9200F7CEC1 /* Q3Operation.swift in Sources */,
				22C9C11820ECFD9200F7CEC1 /* String+Q3Name.swift in Sources */,
				2278E83C20BC2AF8005E72A3 /* Server.swift in Sources */,
				22C9C11E20ED006C00F7CEC1 /* ServerController.swift in Sources */,
				220FEADB20CABA3300A63F14 /* Coordinator.swift in Sources */,
				22C9C11120ECFD9200F7CEC1 /* Q3Coordinator.swift in Sources */,
				22C9C11A20ECFDC000F7CEC1 /* MasterServerController.swift in Sources */,
				2278E83B20BC2AF8005E72A3 /* Player.swift in Sources */,
				22C9C11520ECFD9200F7CEC1 /* Q3Parser.swift in Sources */,
				2278E83820BC2A54005E72A3 /* Parsable.swift in Sources */,
				220FEAD720CAB90200A63F14 /* SQLError.swift in Sources */,
				22C9C11420ECFD9200F7CEC1 /* Q3Player.swift in Sources */,
				22C9C11720ECFD9200F7CEC1 /* Q3MasterServerController.swift in Sources */,
				22C9C11320ECFD9200F7CEC1 /* Q3ServerController.swift in Sources */,
			);
			runOnlyForDeploymentPostprocessing = 0;
		};
		8D11072C0486CEB800E47090 /* Sources */ = {
			isa = PBXSourcesBuildPhase;
			buildActionMask = 2147483647;
			files = (
				226E186920D5158700F8F9CA /* LogsWindowController.swift in Sources */,
				220FEABA20CA8D0600A63F14 /* MainWindowController.swift in Sources */,
				222693FC213D8939002F1E13 /* Settings.swift in Sources */,
				22CCE7E720DA906B0014902A /* NSWindowController+Alert.swift in Sources */,
				A2359FA71F10427A00498384 /* AppDelegate.swift in Sources */,
				220FEAC420CA8FFA00A63F14 /* PlayersViewController.swift in Sources */,
				220FEAC020CA8FDF00A63F14 /* ServerStatusSplitViewController.swift in Sources */,
				A2359FB01F10427A00498384 /* Game.swift in Sources */,
				226E186B20D5214800F8F9CA /* LogsViewController.swift in Sources */,
				220FEAC220CA8FEC00A63F14 /* ServerRulesViewController.swift in Sources */,
				A2DD85191F1B5B7700C1AF9B /* Utilities.swift in Sources */,
				220FEABC20CA8FAF00A63F14 /* TopSplitViewController.swift in Sources */,
				220FEABE20CA8FD000A63F14 /* ServersViewController.swift in Sources */,
			);
			runOnlyForDeploymentPostprocessing = 0;
		};
/* End PBXSourcesBuildPhase section */

/* Begin PBXTargetDependency section */
		2278E82120BC28FB005E72A3 /* PBXTargetDependency */ = {
			isa = PBXTargetDependency;
			target = 2278E80C20BC28FA005E72A3 /* SQL */;
			targetProxy = 2278E82020BC28FB005E72A3 /* PBXContainerItemProxy */;
		};
/* End PBXTargetDependency section */

/* Begin PBXVariantGroup section */
		2229F6A820C6C94200E87840 /* Localizable.strings */ = {
			isa = PBXVariantGroup;
			children = (
				2229F6A920C6C94200E87840 /* en */,
				2229F6AA20C6C94200E87840 /* Base */,
			);
			name = Localizable.strings;
			sourceTree = "<group>";
		};
/* End PBXVariantGroup section */

/* Begin XCBuildConfiguration section */
		2278E82520BC28FB005E72A3 /* Debug */ = {
			isa = XCBuildConfiguration;
			buildSettings = {
				ALWAYS_SEARCH_USER_PATHS = NO;
				CLANG_ANALYZER_NONNULL = YES;
				CLANG_ANALYZER_NUMBER_OBJECT_CONVERSION = YES_AGGRESSIVE;
				CLANG_CXX_LANGUAGE_STANDARD = "gnu++14";
				CLANG_CXX_LIBRARY = "libc++";
				CLANG_ENABLE_MODULES = YES;
				CLANG_ENABLE_OBJC_ARC = YES;
				CLANG_ENABLE_OBJC_WEAK = YES;
				CLANG_WARN_DIRECT_OBJC_ISA_USAGE = YES_ERROR;
				CLANG_WARN_DOCUMENTATION_COMMENTS = YES;
				CLANG_WARN_OBJC_ROOT_CLASS = YES_ERROR;
				CLANG_WARN_UNGUARDED_AVAILABILITY = YES_AGGRESSIVE;
				CODE_SIGN_IDENTITY = "";
				CODE_SIGN_STYLE = Automatic;
				COMBINE_HIDPI_IMAGES = YES;
				COPY_PHASE_STRIP = NO;
				CURRENT_PROJECT_VERSION = 1;
				DEBUG_INFORMATION_FORMAT = dwarf;
				DEFINES_MODULE = YES;
				DEVELOPMENT_TEAM = WL8LT3PQLC;
				DYLIB_COMPATIBILITY_VERSION = 1;
				DYLIB_CURRENT_VERSION = 1;
				DYLIB_INSTALL_NAME_BASE = "@rpath";
				FRAMEWORK_SEARCH_PATHS = (
					"$(inherited)",
					"$(PROJECT_DIR)/ThirdParty",
				);
				FRAMEWORK_VERSION = A;
				GCC_C_LANGUAGE_STANDARD = gnu11;
				GCC_DYNAMIC_NO_PIC = NO;
				GCC_PREPROCESSOR_DEFINITIONS = (
					"DEBUG=1",
					"$(inherited)",
				);
				GCC_WARN_ABOUT_RETURN_TYPE = YES_ERROR;
				GCC_WARN_UNINITIALIZED_AUTOS = YES_AGGRESSIVE;
				INFOPLIST_FILE = SQL/Info.plist;
				INSTALL_PATH = "$(LOCAL_LIBRARY_DIR)/Frameworks";
				LD_RUNPATH_SEARCH_PATHS = "$(inherited) @executable_path/../Frameworks @loader_path/Frameworks";
				MACOSX_DEPLOYMENT_TARGET = 10.10;
				MTL_ENABLE_DEBUG_INFO = YES;
				PRODUCT_BUNDLE_IDENTIFIER = com.andreagiavatto.SQL;
				PRODUCT_NAME = "$(TARGET_NAME:c99extidentifier)";
				SKIP_INSTALL = YES;
				SWIFT_ACTIVE_COMPILATION_CONDITIONS = DEBUG;
				SWIFT_OPTIMIZATION_LEVEL = "-Onone";
				SWIFT_VERSION = 4.2;
				VERSIONING_SYSTEM = "apple-generic";
				VERSION_INFO_PREFIX = "";
			};
			name = Debug;
		};
		2278E82620BC28FB005E72A3 /* Release */ = {
			isa = XCBuildConfiguration;
			buildSettings = {
				ALWAYS_SEARCH_USER_PATHS = NO;
				CLANG_ANALYZER_NONNULL = YES;
				CLANG_ANALYZER_NUMBER_OBJECT_CONVERSION = YES_AGGRESSIVE;
				CLANG_CXX_LANGUAGE_STANDARD = "gnu++14";
				CLANG_CXX_LIBRARY = "libc++";
				CLANG_ENABLE_MODULES = YES;
				CLANG_ENABLE_OBJC_ARC = YES;
				CLANG_ENABLE_OBJC_WEAK = YES;
				CLANG_WARN_DIRECT_OBJC_ISA_USAGE = YES_ERROR;
				CLANG_WARN_DOCUMENTATION_COMMENTS = YES;
				CLANG_WARN_OBJC_ROOT_CLASS = YES_ERROR;
				CLANG_WARN_UNGUARDED_AVAILABILITY = YES_AGGRESSIVE;
				CODE_SIGN_IDENTITY = "";
				CODE_SIGN_STYLE = Automatic;
				COMBINE_HIDPI_IMAGES = YES;
				COPY_PHASE_STRIP = NO;
				CURRENT_PROJECT_VERSION = 1;
				DEBUG_INFORMATION_FORMAT = "dwarf-with-dsym";
				DEFINES_MODULE = YES;
				DEVELOPMENT_TEAM = WL8LT3PQLC;
				DYLIB_COMPATIBILITY_VERSION = 1;
				DYLIB_CURRENT_VERSION = 1;
				DYLIB_INSTALL_NAME_BASE = "@rpath";
				ENABLE_NS_ASSERTIONS = NO;
				FRAMEWORK_SEARCH_PATHS = (
					"$(inherited)",
					"$(PROJECT_DIR)/ThirdParty",
				);
				FRAMEWORK_VERSION = A;
				GCC_C_LANGUAGE_STANDARD = gnu11;
				GCC_WARN_ABOUT_RETURN_TYPE = YES_ERROR;
				GCC_WARN_UNINITIALIZED_AUTOS = YES_AGGRESSIVE;
				INFOPLIST_FILE = SQL/Info.plist;
				INSTALL_PATH = "$(LOCAL_LIBRARY_DIR)/Frameworks";
				LD_RUNPATH_SEARCH_PATHS = "$(inherited) @executable_path/../Frameworks @loader_path/Frameworks";
				MACOSX_DEPLOYMENT_TARGET = 10.10;
				MTL_ENABLE_DEBUG_INFO = NO;
				PRODUCT_BUNDLE_IDENTIFIER = com.andreagiavatto.SQL;
				PRODUCT_NAME = "$(TARGET_NAME:c99extidentifier)";
				SKIP_INSTALL = YES;
				SWIFT_VERSION = 4.2;
				VERSIONING_SYSTEM = "apple-generic";
				VERSION_INFO_PREFIX = "";
			};
			name = Release;
		};
		C01FCF4B08A954540054247B /* Debug */ = {
			isa = XCBuildConfiguration;
			buildSettings = {
				ALWAYS_EMBED_SWIFT_STANDARD_LIBRARIES = YES;
				ALWAYS_SEARCH_USER_PATHS = NO;
				ASSETCATALOG_COMPILER_APPICON_NAME = AppIcon;
				CLANG_ENABLE_OBJC_ARC = YES;
				CODE_SIGN_IDENTITY = "Mac Developer";
				COMBINE_HIDPI_IMAGES = YES;
				COPY_PHASE_STRIP = NO;
				DEVELOPMENT_TEAM = WL8LT3PQLC;
				FRAMEWORK_SEARCH_PATHS = (
					"$(inherited)",
					"$(PROJECT_DIR)/ThirdParty",
				);
				GCC_DYNAMIC_NO_PIC = NO;
				GCC_MODEL_TUNING = G5;
				GCC_OPTIMIZATION_LEVEL = 0;
				GCC_VERSION = "";
				INFOPLIST_FILE = "$(SRCROOT)/Q3ServerBrowser/Resources/Q3ServerBrowser-Info.plist";
				INSTALL_PATH = "$(HOME)/Applications";
				LD_RUNPATH_SEARCH_PATHS = "@executable_path/Frameworks @executable_path/../Frameworks";
				LIBRARY_SEARCH_PATHS = (
					"$(inherited)",
					"\"$(SRCROOT)\"",
				);
				MACOSX_DEPLOYMENT_TARGET = 10.13;
				OTHER_LDFLAGS = (
					"-licucore",
					"$(inherited)",
				);
				PRODUCT_BUNDLE_IDENTIFIER = "com.andreagiavatto.${PRODUCT_NAME:rfc1034identifier}";
				PRODUCT_NAME = Q3ServerBrowser;
				SDKROOT = macosx;
				SWIFT_OPTIMIZATION_LEVEL = "-Onone";
				SWIFT_SUPPRESS_WARNINGS = YES;
				SWIFT_VERSION = 4.2;
			};
			name = Debug;
		};
		C01FCF4C08A954540054247B /* Release */ = {
			isa = XCBuildConfiguration;
			buildSettings = {
				ALWAYS_EMBED_SWIFT_STANDARD_LIBRARIES = YES;
				ALWAYS_SEARCH_USER_PATHS = NO;
				ASSETCATALOG_COMPILER_APPICON_NAME = AppIcon;
				CLANG_ENABLE_OBJC_ARC = YES;
				CODE_SIGN_IDENTITY = "Mac Developer";
				COMBINE_HIDPI_IMAGES = YES;
				DEBUG_INFORMATION_FORMAT = "dwarf-with-dsym";
				DEVELOPMENT_TEAM = WL8LT3PQLC;
				FRAMEWORK_SEARCH_PATHS = (
					"$(inherited)",
					"$(PROJECT_DIR)/ThirdParty",
				);
				GCC_MODEL_TUNING = G5;
				GCC_VERSION = "";
				INFOPLIST_FILE = "$(SRCROOT)/Q3ServerBrowser/Resources/Q3ServerBrowser-Info.plist";
				INSTALL_PATH = "$(HOME)/Applications";
				LD_RUNPATH_SEARCH_PATHS = "@executable_path/Frameworks @executable_path/../Frameworks";
				LIBRARY_SEARCH_PATHS = (
					"$(inherited)",
					"\"$(SRCROOT)\"",
				);
				MACOSX_DEPLOYMENT_TARGET = 10.13;
				OTHER_LDFLAGS = (
					"-licucore",
					"$(inherited)",
				);
				PRODUCT_BUNDLE_IDENTIFIER = "com.andreagiavatto.${PRODUCT_NAME:rfc1034identifier}";
				PRODUCT_NAME = Q3ServerBrowser;
				SDKROOT = macosx;
				SWIFT_SUPPRESS_WARNINGS = YES;
				SWIFT_VERSION = 4.2;
			};
			name = Release;
		};
		C01FCF4F08A954540054247B /* Debug */ = {
			isa = XCBuildConfiguration;
			buildSettings = {
				CLANG_ANALYZER_LOCALIZABILITY_NONLOCALIZED = YES;
				CLANG_WARN_BLOCK_CAPTURE_AUTORELEASING = YES;
				CLANG_WARN_BOOL_CONVERSION = YES;
				CLANG_WARN_COMMA = YES;
				CLANG_WARN_CONSTANT_CONVERSION = YES;
				CLANG_WARN_DEPRECATED_OBJC_IMPLEMENTATIONS = YES;
				CLANG_WARN_EMPTY_BODY = YES;
				CLANG_WARN_ENUM_CONVERSION = YES;
				CLANG_WARN_INFINITE_RECURSION = YES;
				CLANG_WARN_INT_CONVERSION = YES;
				CLANG_WARN_NON_LITERAL_NULL_CONVERSION = YES;
				CLANG_WARN_OBJC_IMPLICIT_RETAIN_SELF = YES;
				CLANG_WARN_OBJC_LITERAL_CONVERSION = YES;
				CLANG_WARN_RANGE_LOOP_ANALYSIS = YES;
				CLANG_WARN_STRICT_PROTOTYPES = YES;
				CLANG_WARN_SUSPICIOUS_MOVE = YES;
				CLANG_WARN_UNREACHABLE_CODE = YES;
				CLANG_WARN__DUPLICATE_METHOD_MATCH = YES;
				ENABLE_STRICT_OBJC_MSGSEND = YES;
				ENABLE_TESTABILITY = YES;
				GCC_C_LANGUAGE_STANDARD = gnu99;
				GCC_NO_COMMON_BLOCKS = YES;
				GCC_OPTIMIZATION_LEVEL = 0;
				GCC_WARN_64_TO_32_BIT_CONVERSION = YES;
				GCC_WARN_ABOUT_RETURN_TYPE = YES;
				GCC_WARN_UNDECLARED_SELECTOR = YES;
				GCC_WARN_UNINITIALIZED_AUTOS = YES;
				GCC_WARN_UNUSED_FUNCTION = YES;
				GCC_WARN_UNUSED_VARIABLE = YES;
				MACOSX_DEPLOYMENT_TARGET = 10.10;
				ONLY_ACTIVE_ARCH = YES;
				OTHER_LDFLAGS = "-licucore";
				SDKROOT = macosx;
			};
			name = Debug;
		};
		C01FCF5008A954540054247B /* Release */ = {
			isa = XCBuildConfiguration;
			buildSettings = {
				CLANG_ANALYZER_LOCALIZABILITY_NONLOCALIZED = YES;
				CLANG_WARN_BLOCK_CAPTURE_AUTORELEASING = YES;
				CLANG_WARN_BOOL_CONVERSION = YES;
				CLANG_WARN_COMMA = YES;
				CLANG_WARN_CONSTANT_CONVERSION = YES;
				CLANG_WARN_DEPRECATED_OBJC_IMPLEMENTATIONS = YES;
				CLANG_WARN_EMPTY_BODY = YES;
				CLANG_WARN_ENUM_CONVERSION = YES;
				CLANG_WARN_INFINITE_RECURSION = YES;
				CLANG_WARN_INT_CONVERSION = YES;
				CLANG_WARN_NON_LITERAL_NULL_CONVERSION = YES;
				CLANG_WARN_OBJC_IMPLICIT_RETAIN_SELF = YES;
				CLANG_WARN_OBJC_LITERAL_CONVERSION = YES;
				CLANG_WARN_RANGE_LOOP_ANALYSIS = YES;
				CLANG_WARN_STRICT_PROTOTYPES = YES;
				CLANG_WARN_SUSPICIOUS_MOVE = YES;
				CLANG_WARN_UNREACHABLE_CODE = YES;
				CLANG_WARN__DUPLICATE_METHOD_MATCH = YES;
				ENABLE_STRICT_OBJC_MSGSEND = YES;
				GCC_C_LANGUAGE_STANDARD = gnu99;
				GCC_NO_COMMON_BLOCKS = YES;
				GCC_WARN_64_TO_32_BIT_CONVERSION = YES;
				GCC_WARN_ABOUT_RETURN_TYPE = YES;
				GCC_WARN_UNDECLARED_SELECTOR = YES;
				GCC_WARN_UNINITIALIZED_AUTOS = YES;
				GCC_WARN_UNUSED_FUNCTION = YES;
				GCC_WARN_UNUSED_VARIABLE = YES;
				MACOSX_DEPLOYMENT_TARGET = 10.10;
				OTHER_LDFLAGS = "-licucore";
				SDKROOT = macosx;
				SWIFT_OPTIMIZATION_LEVEL = "-Owholemodule";
			};
			name = Release;
		};
/* End XCBuildConfiguration section */

/* Begin XCConfigurationList section */
		2278E82420BC28FB005E72A3 /* Build configuration list for PBXNativeTarget "SQL" */ = {
			isa = XCConfigurationList;
			buildConfigurations = (
				2278E82520BC28FB005E72A3 /* Debug */,
				2278E82620BC28FB005E72A3 /* Release */,
			);
			defaultConfigurationIsVisible = 0;
			defaultConfigurationName = Release;
		};
		C01FCF4A08A954540054247B /* Build configuration list for PBXNativeTarget "Q3ServerBrowser" */ = {
			isa = XCConfigurationList;
			buildConfigurations = (
				C01FCF4B08A954540054247B /* Debug */,
				C01FCF4C08A954540054247B /* Release */,
			);
			defaultConfigurationIsVisible = 0;
			defaultConfigurationName = Release;
		};
		C01FCF4E08A954540054247B /* Build configuration list for PBXProject "Q3ServerBrowser" */ = {
			isa = XCConfigurationList;
			buildConfigurations = (
				C01FCF4F08A954540054247B /* Debug */,
				C01FCF5008A954540054247B /* Release */,
			);
			defaultConfigurationIsVisible = 0;
			defaultConfigurationName = Release;
		};
/* End XCConfigurationList section */
	};
	rootObject = 29B97313FDCFA39411CA2CEA /* Project object */;
}
