// !$*UTF8*$!
{
	archiveVersion = 1;
	classes = {
	};
	objectVersion = 52;
	objects = {

/* Begin PBXBuildFile section */
		220FEABA20CA8D0600A63F14 /* MainWindowController.swift in Sources */ = {isa = PBXBuildFile; fileRef = 220FEAB920CA8D0600A63F14 /* MainWindowController.swift */; };
		220FEABC20CA8FAF00A63F14 /* TopSplitViewController.swift in Sources */ = {isa = PBXBuildFile; fileRef = 220FEABB20CA8FAF00A63F14 /* TopSplitViewController.swift */; };
		220FEABE20CA8FD000A63F14 /* ServersViewController.swift in Sources */ = {isa = PBXBuildFile; fileRef = 220FEABD20CA8FD000A63F14 /* ServersViewController.swift */; };
		220FEAC020CA8FDF00A63F14 /* ServerStatusSplitViewController.swift in Sources */ = {isa = PBXBuildFile; fileRef = 220FEABF20CA8FDF00A63F14 /* ServerStatusSplitViewController.swift */; };
		220FEAC220CA8FEC00A63F14 /* ServerRulesViewController.swift in Sources */ = {isa = PBXBuildFile; fileRef = 220FEAC120CA8FEC00A63F14 /* ServerRulesViewController.swift */; };
		220FEAC420CA8FFA00A63F14 /* PlayersViewController.swift in Sources */ = {isa = PBXBuildFile; fileRef = 220FEAC320CA8FFA00A63F14 /* PlayersViewController.swift */; };
		222693FC213D8939002F1E13 /* Settings.swift in Sources */ = {isa = PBXBuildFile; fileRef = 222693FB213D8939002F1E13 /* Settings.swift */; };
		2229F6AF20C6C94200E87840 /* Colors.xcassets in Resources */ = {isa = PBXBuildFile; fileRef = 2229F6A720C6C94200E87840 /* Colors.xcassets */; };
		2229F6B020C6C94200E87840 /* Localizable.strings in Resources */ = {isa = PBXBuildFile; fileRef = 2229F6A820C6C94200E87840 /* Localizable.strings */; };
		2229F6B320C6C94200E87840 /* Images.xcassets in Resources */ = {isa = PBXBuildFile; fileRef = 2229F6AE20C6C94200E87840 /* Images.xcassets */; };
		2229F6E420C6D6CA00E87840 /* Main.storyboard in Resources */ = {isa = PBXBuildFile; fileRef = 2229F6E320C6D6CA00E87840 /* Main.storyboard */; };
		226E186920D5158700F8F9CA /* LogsWindowController.swift in Sources */ = {isa = PBXBuildFile; fileRef = 226E186820D5158700F8F9CA /* LogsWindowController.swift */; };
		226E186B20D5214800F8F9CA /* LogsViewController.swift in Sources */ = {isa = PBXBuildFile; fileRef = 226E186A20D5214800F8F9CA /* LogsViewController.swift */; };
		22C8C6C6259367CF00D53E39 /* GameServerQueryLibrary in Frameworks */ = {isa = PBXBuildFile; productRef = 22C8C6C5259367CF00D53E39 /* GameServerQueryLibrary */; };
		22CCE7E720DA906B0014902A /* NSWindowController+Alert.swift in Sources */ = {isa = PBXBuildFile; fileRef = 22CCE7E620DA906B0014902A /* NSWindowController+Alert.swift */; };
		8D11072F0486CEB800E47090 /* Cocoa.framework in Frameworks */ = {isa = PBXBuildFile; fileRef = 1058C7A1FEA54F0111CA2CBB /* Cocoa.framework */; };
		A2359FA71F10427A00498384 /* AppDelegate.swift in Sources */ = {isa = PBXBuildFile; fileRef = A2359F7D1F10427A00498384 /* AppDelegate.swift */; };
		A2DD85191F1B5B7700C1AF9B /* Utilities.swift in Sources */ = {isa = PBXBuildFile; fileRef = A2DD85181F1B5B7700C1AF9B /* Utilities.swift */; };
/* End PBXBuildFile section */

/* Begin PBXCopyFilesBuildPhase section */
		224E9D2D2198229500632F43 /* Embed Frameworks */ = {
			isa = PBXCopyFilesBuildPhase;
			buildActionMask = 2147483647;
			dstPath = "";
			dstSubfolderSpec = 10;
			files = (
			);
			name = "Embed Frameworks";
			runOnlyForDeploymentPostprocessing = 0;
		};
/* End PBXCopyFilesBuildPhase section */

/* Begin PBXFileReference section */
		1058C7A1FEA54F0111CA2CBB /* Cocoa.framework */ = {isa = PBXFileReference; lastKnownFileType = wrapper.framework; name = Cocoa.framework; path = /System/Library/Frameworks/Cocoa.framework; sourceTree = "<absolute>"; };
		220FEAB920CA8D0600A63F14 /* MainWindowController.swift */ = {isa = PBXFileReference; lastKnownFileType = sourcecode.swift; path = MainWindowController.swift; sourceTree = "<group>"; };
		220FEABB20CA8FAF00A63F14 /* TopSplitViewController.swift */ = {isa = PBXFileReference; lastKnownFileType = sourcecode.swift; path = TopSplitViewController.swift; sourceTree = "<group>"; };
		220FEABD20CA8FD000A63F14 /* ServersViewController.swift */ = {isa = PBXFileReference; lastKnownFileType = sourcecode.swift; path = ServersViewController.swift; sourceTree = "<group>"; };
		220FEABF20CA8FDF00A63F14 /* ServerStatusSplitViewController.swift */ = {isa = PBXFileReference; lastKnownFileType = sourcecode.swift; path = ServerStatusSplitViewController.swift; sourceTree = "<group>"; };
		220FEAC120CA8FEC00A63F14 /* ServerRulesViewController.swift */ = {isa = PBXFileReference; lastKnownFileType = sourcecode.swift; path = ServerRulesViewController.swift; sourceTree = "<group>"; };
		220FEAC320CA8FFA00A63F14 /* PlayersViewController.swift */ = {isa = PBXFileReference; lastKnownFileType = sourcecode.swift; path = PlayersViewController.swift; sourceTree = "<group>"; };
		222693FB213D8939002F1E13 /* Settings.swift */ = {isa = PBXFileReference; lastKnownFileType = sourcecode.swift; path = Settings.swift; sourceTree = "<group>"; };
		2229F6A720C6C94200E87840 /* Colors.xcassets */ = {isa = PBXFileReference; lastKnownFileType = folder.assetcatalog; path = Colors.xcassets; sourceTree = "<group>"; };
		2229F6A920C6C94200E87840 /* en */ = {isa = PBXFileReference; lastKnownFileType = text.plist.strings; name = en; path = en.lproj/Localizable.strings; sourceTree = "<group>"; };
		2229F6AA20C6C94200E87840 /* Base */ = {isa = PBXFileReference; lastKnownFileType = text.plist.strings; name = Base; path = Base.lproj/Localizable.strings; sourceTree = "<group>"; };
		2229F6AD20C6C94200E87840 /* Q3ServerBrowser-Info.plist */ = {isa = PBXFileReference; fileEncoding = 4; lastKnownFileType = text.plist.xml; path = "Q3ServerBrowser-Info.plist"; sourceTree = "<group>"; };
		2229F6AE20C6C94200E87840 /* Images.xcassets */ = {isa = PBXFileReference; lastKnownFileType = folder.assetcatalog; path = Images.xcassets; sourceTree = "<group>"; };
		2229F6E320C6D6CA00E87840 /* Main.storyboard */ = {isa = PBXFileReference; fileEncoding = 4; lastKnownFileType = file.storyboard; path = Main.storyboard; sourceTree = "<group>"; };
		224E9D27219821D000632F43 /* Foundation.framework */ = {isa = PBXFileReference; lastKnownFileType = wrapper.framework; name = Foundation.framework; path = Platforms/iPhoneOS.platform/Developer/SDKs/iPhoneOS12.1.sdk/System/Library/Frameworks/Foundation.framework; sourceTree = DEVELOPER_DIR; };
		226E186820D5158700F8F9CA /* LogsWindowController.swift */ = {isa = PBXFileReference; lastKnownFileType = sourcecode.swift; path = LogsWindowController.swift; sourceTree = "<group>"; };
		226E186A20D5214800F8F9CA /* LogsViewController.swift */ = {isa = PBXFileReference; lastKnownFileType = sourcecode.swift; path = LogsViewController.swift; sourceTree = "<group>"; };
		22CCE7E620DA906B0014902A /* NSWindowController+Alert.swift */ = {isa = PBXFileReference; lastKnownFileType = sourcecode.swift; path = "NSWindowController+Alert.swift"; sourceTree = "<group>"; };
		29B97324FDCFA39411CA2CEA /* AppKit.framework */ = {isa = PBXFileReference; lastKnownFileType = wrapper.framework; name = AppKit.framework; path = /System/Library/Frameworks/AppKit.framework; sourceTree = "<absolute>"; };
		29B97325FDCFA39411CA2CEA /* Foundation.framework */ = {isa = PBXFileReference; lastKnownFileType = wrapper.framework; name = Foundation.framework; path = /System/Library/Frameworks/Foundation.framework; sourceTree = "<absolute>"; };
		8D1107320486CEB800E47090 /* Q3ServerBrowser.app */ = {isa = PBXFileReference; explicitFileType = wrapper.application; includeInIndex = 0; path = Q3ServerBrowser.app; sourceTree = BUILT_PRODUCTS_DIR; };
		A2359F7D1F10427A00498384 /* AppDelegate.swift */ = {isa = PBXFileReference; fileEncoding = 4; lastKnownFileType = sourcecode.swift; path = AppDelegate.swift; sourceTree = "<group>"; };
		A2DD85181F1B5B7700C1AF9B /* Utilities.swift */ = {isa = PBXFileReference; fileEncoding = 4; lastKnownFileType = sourcecode.swift; path = Utilities.swift; sourceTree = "<group>"; };
/* End PBXFileReference section */

/* Begin PBXFrameworksBuildPhase section */
		8D11072E0486CEB800E47090 /* Frameworks */ = {
			isa = PBXFrameworksBuildPhase;
			buildActionMask = 2147483647;
			files = (
				22C8C6C6259367CF00D53E39 /* GameServerQueryLibrary in Frameworks */,
				8D11072F0486CEB800E47090 /* Cocoa.framework in Frameworks */,
			);
			runOnlyForDeploymentPostprocessing = 0;
		};
/* End PBXFrameworksBuildPhase section */

/* Begin PBXGroup section */
		19C28FACFE9D520D11CA2CBB /* Products */ = {
			isa = PBXGroup;
			children = (
				8D1107320486CEB800E47090 /* Q3ServerBrowser.app */,
			);
			name = Products;
			sourceTree = "<group>";
		};
		222693FA213D892C002F1E13 /* Store */ = {
			isa = PBXGroup;
			children = (
				222693FB213D8939002F1E13 /* Settings.swift */,
			);
			path = Store;
			sourceTree = "<group>";
		};
		2229F6A620C6C94200E87840 /* Resources */ = {
			isa = PBXGroup;
			children = (
				2229F6A720C6C94200E87840 /* Colors.xcassets */,
				2229F6A820C6C94200E87840 /* Localizable.strings */,
				2229F6AD20C6C94200E87840 /* Q3ServerBrowser-Info.plist */,
				2229F6AE20C6C94200E87840 /* Images.xcassets */,
				2229F6E320C6D6CA00E87840 /* Main.storyboard */,
			);
			path = Resources;
			sourceTree = "<group>";
		};
		22C8C6C725936DD500D53E39 /* Servers List */ = {
			isa = PBXGroup;
			children = (
				220FEABD20CA8FD000A63F14 /* ServersViewController.swift */,
			);
			path = "Servers List";
			sourceTree = "<group>";
		};
		29B97314FDCFA39411CA2CEA /* GameServerBrowser */ = {
			isa = PBXGroup;
			children = (
				A2359F7C1F10427A00498384 /* Q3ServerBrowser */,
				29B97323FDCFA39411CA2CEA /* Frameworks */,
				19C28FACFE9D520D11CA2CBB /* Products */,
			);
			indentWidth = 4;
			name = GameServerBrowser;
			sourceTree = "<group>";
			tabWidth = 4;
		};
		29B97323FDCFA39411CA2CEA /* Frameworks */ = {
			isa = PBXGroup;
			children = (
				224E9D27219821D000632F43 /* Foundation.framework */,
				29B97324FDCFA39411CA2CEA /* AppKit.framework */,
				1058C7A1FEA54F0111CA2CBB /* Cocoa.framework */,
				29B97325FDCFA39411CA2CEA /* Foundation.framework */,
			);
			name = Frameworks;
			sourceTree = "<group>";
		};
		A2359F7C1F10427A00498384 /* Q3ServerBrowser */ = {
			isa = PBXGroup;
			children = (
				A2359F7D1F10427A00498384 /* AppDelegate.swift */,
				A2359F7E1F10427A00498384 /* Classes */,
				2229F6A620C6C94200E87840 /* Resources */,
			);
			path = Q3ServerBrowser;
			sourceTree = "<group>";
		};
		A2359F7E1F10427A00498384 /* Classes */ = {
			isa = PBXGroup;
			children = (
				222693FA213D892C002F1E13 /* Store */,
				A2359F9F1F10427A00498384 /* Main */,
				A2DD85181F1B5B7700C1AF9B /* Utilities.swift */,
				220FEAB920CA8D0600A63F14 /* MainWindowController.swift */,
				226E186820D5158700F8F9CA /* LogsWindowController.swift */,
				22CCE7E620DA906B0014902A /* NSWindowController+Alert.swift */,
			);
			path = Classes;
			sourceTree = "<group>";
		};
		A2359F9F1F10427A00498384 /* Main */ = {
			isa = PBXGroup;
			children = (
				220FEABB20CA8FAF00A63F14 /* TopSplitViewController.swift */,
				22C8C6C725936DD500D53E39 /* Servers List */,
				220FEABF20CA8FDF00A63F14 /* ServerStatusSplitViewController.swift */,
				220FEAC120CA8FEC00A63F14 /* ServerRulesViewController.swift */,
				220FEAC320CA8FFA00A63F14 /* PlayersViewController.swift */,
				226E186A20D5214800F8F9CA /* LogsViewController.swift */,
			);
			path = Main;
			sourceTree = "<group>";
		};
/* End PBXGroup section */

/* Begin PBXNativeTarget section */
		8D1107260486CEB800E47090 /* Q3ServerBrowser */ = {
			isa = PBXNativeTarget;
			buildConfigurationList = C01FCF4A08A954540054247B /* Build configuration list for PBXNativeTarget "Q3ServerBrowser" */;
			buildPhases = (
				8D1107290486CEB800E47090 /* Resources */,
				8D11072C0486CEB800E47090 /* Sources */,
				8D11072E0486CEB800E47090 /* Frameworks */,
				224E9D2D2198229500632F43 /* Embed Frameworks */,
			);
			buildRules = (
			);
			dependencies = (
			);
			name = Q3ServerBrowser;
			packageProductDependencies = (
				22C8C6C5259367CF00D53E39 /* GameServerQueryLibrary */,
			);
			productInstallPath = "$(HOME)/Applications";
			productName = GameServerBrowser;
			productReference = 8D1107320486CEB800E47090 /* Q3ServerBrowser.app */;
			productType = "com.apple.product-type.application";
		};
/* End PBXNativeTarget section */

/* Begin PBXProject section */
		29B97313FDCFA39411CA2CEA /* Project object */ = {
			isa = PBXProject;
			attributes = {
				LastSwiftUpdateCheck = 1000;
				LastUpgradeCheck = 1010;
				TargetAttributes = {
					8D1107260486CEB800E47090 = {
						DevelopmentTeam = WL8LT3PQLC;
						LastSwiftMigration = 1020;
						ProvisioningStyle = Automatic;
					};
				};
			};
			buildConfigurationList = C01FCF4E08A954540054247B /* Build configuration list for PBXProject "Q3ServerBrowser" */;
			compatibilityVersion = "Xcode 3.2";
			developmentRegion = en;
			hasScannedForEncodings = 1;
			knownRegions = (
				Base,
				en,
				de,
				fr,
				ja,
			);
			mainGroup = 29B97314FDCFA39411CA2CEA /* GameServerBrowser */;
			packageReferences = (
				22C8C6C4259367CF00D53E39 /* XCRemoteSwiftPackageReference "GameServerQueryLibrary" */,
			);
			productRefGroup = 19C28FACFE9D520D11CA2CBB /* Products */;
			projectDirPath = "";
			projectRoot = "";
			targets = (
				8D1107260486CEB800E47090 /* Q3ServerBrowser */,
			);
		};
/* End PBXProject section */

/* Begin PBXResourcesBuildPhase section */
		8D1107290486CEB800E47090 /* Resources */ = {
			isa = PBXResourcesBuildPhase;
			buildActionMask = 2147483647;
			files = (
				2229F6B320C6C94200E87840 /* Images.xcassets in Resources */,
				2229F6E420C6D6CA00E87840 /* Main.storyboard in Resources */,
				2229F6AF20C6C94200E87840 /* Colors.xcassets in Resources */,
				2229F6B020C6C94200E87840 /* Localizable.strings in Resources */,
			);
			runOnlyForDeploymentPostprocessing = 0;
		};
/* End PBXResourcesBuildPhase section */

/* Begin PBXSourcesBuildPhase section */
		8D11072C0486CEB800E47090 /* Sources */ = {
			isa = PBXSourcesBuildPhase;
			buildActionMask = 2147483647;
			files = (
				226E186920D5158700F8F9CA /* LogsWindowController.swift in Sources */,
				220FEABA20CA8D0600A63F14 /* MainWindowController.swift in Sources */,
				222693FC213D8939002F1E13 /* Settings.swift in Sources */,
				22CCE7E720DA906B0014902A /* NSWindowController+Alert.swift in Sources */,
				A2359FA71F10427A00498384 /* AppDelegate.swift in Sources */,
				220FEAC420CA8FFA00A63F14 /* PlayersViewController.swift in Sources */,
				220FEAC020CA8FDF00A63F14 /* ServerStatusSplitViewController.swift in Sources */,
				226E186B20D5214800F8F9CA /* LogsViewController.swift in Sources */,
				220FEAC220CA8FEC00A63F14 /* ServerRulesViewController.swift in Sources */,
				A2DD85191F1B5B7700C1AF9B /* Utilities.swift in Sources */,
				220FEABC20CA8FAF00A63F14 /* TopSplitViewController.swift in Sources */,
				220FEABE20CA8FD000A63F14 /* ServersViewController.swift in Sources */,
			);
			runOnlyForDeploymentPostprocessing = 0;
		};
/* End PBXSourcesBuildPhase section */

/* Begin PBXVariantGroup section */
		2229F6A820C6C94200E87840 /* Localizable.strings */ = {
			isa = PBXVariantGroup;
			children = (
				2229F6A920C6C94200E87840 /* en */,
				2229F6AA20C6C94200E87840 /* Base */,
			);
			name = Localizable.strings;
			sourceTree = "<group>";
		};
/* End PBXVariantGroup section */

/* Begin XCBuildConfiguration section */
		C01FCF4B08A954540054247B /* Debug */ = {
			isa = XCBuildConfiguration;
			buildSettings = {
				ALWAYS_SEARCH_USER_PATHS = NO;
				ASSETCATALOG_COMPILER_APPICON_NAME = AppIcon;
				CLANG_ENABLE_OBJC_ARC = YES;
				CODE_SIGN_IDENTITY = "Mac Developer";
				CODE_SIGN_STYLE = Automatic;
				COMBINE_HIDPI_IMAGES = YES;
				COPY_PHASE_STRIP = NO;
				CURRENT_PROJECT_VERSION = 23;
				DEVELOPMENT_TEAM = WL8LT3PQLC;
				ENABLE_HARDENED_RUNTIME = YES;
				FRAMEWORK_SEARCH_PATHS = "$(inherited)";
				GCC_DYNAMIC_NO_PIC = NO;
				GCC_MODEL_TUNING = G5;
				GCC_OPTIMIZATION_LEVEL = 0;
				GCC_VERSION = "";
				INFOPLIST_FILE = "$(SRCROOT)/Q3ServerBrowser/Resources/Q3ServerBrowser-Info.plist";
				INSTALL_PATH = "$(HOME)/Applications";
				LD_RUNPATH_SEARCH_PATHS = (
					"@executable_path/Frameworks",
					"@executable_path/../Frameworks",
				);
				LIBRARY_SEARCH_PATHS = (
					"$(inherited)",
					"\"$(SRCROOT)\"",
				);
				MACOSX_DEPLOYMENT_TARGET = 10.11;
				MARKETING_VERSION = 0.9.3;
				OTHER_LDFLAGS = (
					"-licucore",
					"$(inherited)",
				);
				PRODUCT_BUNDLE_IDENTIFIER = "com.andreagiavatto.${PRODUCT_NAME:rfc1034identifier}";
				PRODUCT_NAME = Q3ServerBrowser;
				PROVISIONING_PROFILE_SPECIFIER = "";
				SDKROOT = macosx;
				SWIFT_OPTIMIZATION_LEVEL = "-Onone";
				SWIFT_SUPPRESS_WARNINGS = YES;
				SWIFT_VERSION = 5.0;
			};
			name = Debug;
		};
		C01FCF4C08A954540054247B /* Release */ = {
			isa = XCBuildConfiguration;
			buildSettings = {
				ALWAYS_SEARCH_USER_PATHS = NO;
				ASSETCATALOG_COMPILER_APPICON_NAME = AppIcon;
				CLANG_ENABLE_OBJC_ARC = YES;
				CODE_SIGN_IDENTITY = "Mac Developer";
				CODE_SIGN_STYLE = Automatic;
				COMBINE_HIDPI_IMAGES = YES;
				CURRENT_PROJECT_VERSION = 23;
				DEBUG_INFORMATION_FORMAT = "dwarf-with-dsym";
				DEVELOPMENT_TEAM = WL8LT3PQLC;
				ENABLE_HARDENED_RUNTIME = YES;
				FRAMEWORK_SEARCH_PATHS = "$(inherited)";
				GCC_MODEL_TUNING = G5;
				GCC_VERSION = "";
				INFOPLIST_FILE = "$(SRCROOT)/Q3ServerBrowser/Resources/Q3ServerBrowser-Info.plist";
				INSTALL_PATH = "$(HOME)/Applications";
				LD_RUNPATH_SEARCH_PATHS = (
					"@executable_path/Frameworks",
					"@executable_path/../Frameworks",
				);
				LIBRARY_SEARCH_PATHS = (
					"$(inherited)",
					"\"$(SRCROOT)\"",
				);
				MACOSX_DEPLOYMENT_TARGET = 10.11;
				MARKETING_VERSION = 0.9.3;
				OTHER_LDFLAGS = (
					"-licucore",
					"$(inherited)",
				);
				PRODUCT_BUNDLE_IDENTIFIER = "com.andreagiavatto.${PRODUCT_NAME:rfc1034identifier}";
				PRODUCT_NAME = Q3ServerBrowser;
				PROVISIONING_PROFILE_SPECIFIER = "";
				SDKROOT = macosx;
				SWIFT_SUPPRESS_WARNINGS = YES;
				SWIFT_VERSION = 5.0;
			};
			name = Release;
		};
		C01FCF4F08A954540054247B /* Debug */ = {
			isa = XCBuildConfiguration;
			buildSettings = {
				CLANG_ANALYZER_LOCALIZABILITY_NONLOCALIZED = YES;
				CLANG_WARN_BLOCK_CAPTURE_AUTORELEASING = YES;
				CLANG_WARN_BOOL_CONVERSION = YES;
				CLANG_WARN_COMMA = YES;
				CLANG_WARN_CONSTANT_CONVERSION = YES;
				CLANG_WARN_DEPRECATED_OBJC_IMPLEMENTATIONS = YES;
				CLANG_WARN_EMPTY_BODY = YES;
				CLANG_WARN_ENUM_CONVERSION = YES;
				CLANG_WARN_INFINITE_RECURSION = YES;
				CLANG_WARN_INT_CONVERSION = YES;
				CLANG_WARN_NON_LITERAL_NULL_CONVERSION = YES;
				CLANG_WARN_OBJC_IMPLICIT_RETAIN_SELF = YES;
				CLANG_WARN_OBJC_LITERAL_CONVERSION = YES;
				CLANG_WARN_RANGE_LOOP_ANALYSIS = YES;
				CLANG_WARN_STRICT_PROTOTYPES = YES;
				CLANG_WARN_SUSPICIOUS_MOVE = YES;
				CLANG_WARN_UNREACHABLE_CODE = YES;
				CLANG_WARN__DUPLICATE_METHOD_MATCH = YES;
				ENABLE_STRICT_OBJC_MSGSEND = YES;
				ENABLE_TESTABILITY = YES;
				GCC_C_LANGUAGE_STANDARD = gnu99;
				GCC_NO_COMMON_BLOCKS = YES;
				GCC_OPTIMIZATION_LEVEL = 0;
				GCC_WARN_64_TO_32_BIT_CONVERSION = YES;
				GCC_WARN_ABOUT_RETURN_TYPE = YES;
				GCC_WARN_UNDECLARED_SELECTOR = YES;
				GCC_WARN_UNINITIALIZED_AUTOS = YES;
				GCC_WARN_UNUSED_FUNCTION = YES;
				GCC_WARN_UNUSED_VARIABLE = YES;
				IPHONEOS_DEPLOYMENT_TARGET = 11.0;
				MACOSX_DEPLOYMENT_TARGET = 10.10;
				ONLY_ACTIVE_ARCH = YES;
				OTHER_LDFLAGS = "-licucore";
				SDKROOT = macosx;
			};
			name = Debug;
		};
		C01FCF5008A954540054247B /* Release */ = {
			isa = XCBuildConfiguration;
			buildSettings = {
				CLANG_ANALYZER_LOCALIZABILITY_NONLOCALIZED = YES;
				CLANG_WARN_BLOCK_CAPTURE_AUTORELEASING = YES;
				CLANG_WARN_BOOL_CONVERSION = YES;
				CLANG_WARN_COMMA = YES;
				CLANG_WARN_CONSTANT_CONVERSION = YES;
				CLANG_WARN_DEPRECATED_OBJC_IMPLEMENTATIONS = YES;
				CLANG_WARN_EMPTY_BODY = YES;
				CLANG_WARN_ENUM_CONVERSION = YES;
				CLANG_WARN_INFINITE_RECURSION = YES;
				CLANG_WARN_INT_CONVERSION = YES;
				CLANG_WARN_NON_LITERAL_NULL_CONVERSION = YES;
				CLANG_WARN_OBJC_IMPLICIT_RETAIN_SELF = YES;
				CLANG_WARN_OBJC_LITERAL_CONVERSION = YES;
				CLANG_WARN_RANGE_LOOP_ANALYSIS = YES;
				CLANG_WARN_STRICT_PROTOTYPES = YES;
				CLANG_WARN_SUSPICIOUS_MOVE = YES;
				CLANG_WARN_UNREACHABLE_CODE = YES;
				CLANG_WARN__DUPLICATE_METHOD_MATCH = YES;
				ENABLE_STRICT_OBJC_MSGSEND = YES;
				GCC_C_LANGUAGE_STANDARD = gnu99;
				GCC_NO_COMMON_BLOCKS = YES;
				GCC_WARN_64_TO_32_BIT_CONVERSION = YES;
				GCC_WARN_ABOUT_RETURN_TYPE = YES;
				GCC_WARN_UNDECLARED_SELECTOR = YES;
				GCC_WARN_UNINITIALIZED_AUTOS = YES;
				GCC_WARN_UNUSED_FUNCTION = YES;
				GCC_WARN_UNUSED_VARIABLE = YES;
				IPHONEOS_DEPLOYMENT_TARGET = 11.0;
				MACOSX_DEPLOYMENT_TARGET = 10.10;
				OTHER_LDFLAGS = "-licucore";
				SDKROOT = macosx;
				SWIFT_COMPILATION_MODE = wholemodule;
				SWIFT_OPTIMIZATION_LEVEL = "-O";
			};
			name = Release;
		};
/* End XCBuildConfiguration section */

/* Begin XCConfigurationList section */
		C01FCF4A08A954540054247B /* Build configuration list for PBXNativeTarget "Q3ServerBrowser" */ = {
			isa = XCConfigurationList;
			buildConfigurations = (
				C01FCF4B08A954540054247B /* Debug */,
				C01FCF4C08A954540054247B /* Release */,
			);
			defaultConfigurationIsVisible = 0;
			defaultConfigurationName = Release;
		};
		C01FCF4E08A954540054247B /* Build configuration list for PBXProject "Q3ServerBrowser" */ = {
			isa = XCConfigurationList;
			buildConfigurations = (
				C01FCF4F08A954540054247B /* Debug */,
				C01FCF5008A954540054247B /* Release */,
			);
			defaultConfigurationIsVisible = 0;
			defaultConfigurationName = Release;
		};
/* End XCConfigurationList section */

/* Begin XCRemoteSwiftPackageReference section */
		22C8C6C4259367CF00D53E39 /* XCRemoteSwiftPackageReference "GameServerQueryLibrary" */ = {
			isa = XCRemoteSwiftPackageReference;
			repositoryURL = "https://github.com/andreagiavatto/GameServerQueryLibrary";
			requirement = {
				kind = upToNextMajorVersion;
				minimumVersion = 1.0.0;
			};
		};
/* End XCRemoteSwiftPackageReference section */

/* Begin XCSwiftPackageProductDependency section */
		22C8C6C5259367CF00D53E39 /* GameServerQueryLibrary */ = {
			isa = XCSwiftPackageProductDependency;
			package = 22C8C6C4259367CF00D53E39 /* XCRemoteSwiftPackageReference "GameServerQueryLibrary" */;
			productName = GameServerQueryLibrary;
		};
/* End XCSwiftPackageProductDependency section */
	};
	rootObject = 29B97313FDCFA39411CA2CEA /* Project object */;
}
