{
  "pins" : [
    {
      "identity" : "cocoaasyncsocket",
      "kind" : "remoteSourceControl",
      "location" : "https://github.com/robbiehanson/CocoaAsyncSocket",
      "state" : {
        "revision" : "dbdc00669c1ced63b27c3c5f052ee4d28f10150c",
        "version" : "7.6.5"
      }
    },
    {
      "identity" : "gameserverquerylibrary",
      "kind" : "remoteSourceControl",
      "location" : "https://github.com/andreagiavatto/GameServerQueryLibrary",
      "state" : {
        "revision" : "e104d7a564635fb56feca27398c88dfcd365711c",
        "version" : "1.1.5"
      }
    }
  ],
  "version" : 2
}
