{
  "originHash" : "a86e5055b0be8ff9a8611c651151afba3454b5267a29fae2190f61c6d7c717d4",
  "pins" : [
    {
      "identity" : "gameserverquerylibrary",
      "kind" : "remoteSourceControl",
      "location" : "https://github.com/andreagiavatto/GameServerQueryLibrary",
      "state" : {
        "revision" : "e5f0654247041d081edf0794e6c7c75745bd1f14",
        "version" : "2.0.0"
      }
    },
    {
      "identity" : "swift-async-algorithms",
      "kind" : "remoteSourceControl",
      "location" : "https://github.com/apple/swift-async-algorithms.git",
      "state" : {
        "revision" : "9cfed92b026c524674ed869a4ff2dcfdeedf8a2a",
        "version" : "0.1.0"
      }
    },
    {
      "identity" : "swift-collections",
      "kind" : "remoteSourceControl",
      "location" : "https://github.com/apple/swift-collections.git",
      "state" : {
        "revision" : "671108c96644956dddcd89dd59c203dcdb36cec7",
        "version" : "1.1.4"
      }
    }
  ],
  "version" : 3
}
